// !$*UTF8*$!
{
	archiveVersion = 1;
	classes = {
	};
	objectVersion = 46;
	objects = {

/* Begin PBXBuildFile section */
		1510FBEA19C8248700D81805 /* OptionCell.m in Sources */ = {isa = PBXBuildFile; fileRef = 1510FBE919C8248700D81805 /* OptionCell.m */; };
		1510FBED19C8414F00D81805 /* Home-last-items@2x.png in Resources */ = {isa = PBXBuildFile; fileRef = 1510FBEB19C8414F00D81805 /* Home-last-items@2x.png */; };
		1510FBEE19C8414F00D81805 /* my-watch-list@2x.png in Resources */ = {isa = PBXBuildFile; fileRef = 1510FBEC19C8414F00D81805 /* my-watch-list@2x.png */; };
		151A406E19C74397002970C6 /* ITCFranklinGothicStd-Book.otf in Resources */ = {isa = PBXBuildFile; fileRef = 151A406B19C74397002970C6 /* ITCFranklinGothicStd-Book.otf */; };
		151A406F19C74397002970C6 /* ITCFranklinGothicStd-Demi.otf in Resources */ = {isa = PBXBuildFile; fileRef = 151A406C19C74397002970C6 /* ITCFranklinGothicStd-Demi.otf */; };
		151A407019C74397002970C6 /* ITCFranklinGothicStd-DmCd.otf in Resources */ = {isa = PBXBuildFile; fileRef = 151A406D19C74397002970C6 /* ITCFranklinGothicStd-DmCd.otf */; };
		151A40A619C743CC002970C6 /* image-0.jpg in Resources */ = {isa = PBXBuildFile; fileRef = 151A407219C743CC002970C6 /* image-0.jpg */; };
		151A40A719C743CC002970C6 /* image-0.json in Resources */ = {isa = PBXBuildFile; fileRef = 151A407319C743CC002970C6 /* image-0.json */; };
		151A40A819C743CC002970C6 /* images-0-0.jpeg in Resources */ = {isa = PBXBuildFile; fileRef = 151A407419C743CC002970C6 /* images-0-0.jpeg */; };
		151A40A919C743CC002970C6 /* images-0-1.jpeg in Resources */ = {isa = PBXBuildFile; fileRef = 151A407519C743CC002970C6 /* images-0-1.jpeg */; };
		151A40AA19C743CC002970C6 /* images-0-2.jpeg in Resources */ = {isa = PBXBuildFile; fileRef = 151A407619C743CC002970C6 /* images-0-2.jpeg */; };
		151A40AB19C743CC002970C6 /* images-0-3.jpeg in Resources */ = {isa = PBXBuildFile; fileRef = 151A407719C743CC002970C6 /* images-0-3.jpeg */; };
		151A40AC19C743CC002970C6 /* images-0-4.jpeg in Resources */ = {isa = PBXBuildFile; fileRef = 151A407819C743CC002970C6 /* images-0-4.jpeg */; };
		151A40AD19C743CC002970C6 /* images-0-5.jpeg in Resources */ = {isa = PBXBuildFile; fileRef = 151A407919C743CC002970C6 /* images-0-5.jpeg */; };
		151A40AE19C743CC002970C6 /* images-0-6.jpeg in Resources */ = {isa = PBXBuildFile; fileRef = 151A407A19C743CC002970C6 /* images-0-6.jpeg */; };
		151A40AF19C743CC002970C6 /* images-0-7.jpeg in Resources */ = {isa = PBXBuildFile; fileRef = 151A407B19C743CC002970C6 /* images-0-7.jpeg */; };
		151A40B019C743CC002970C6 /* image-1.jpg in Resources */ = {isa = PBXBuildFile; fileRef = 151A407D19C743CC002970C6 /* image-1.jpg */; };
		151A40B119C743CC002970C6 /* image-1.json in Resources */ = {isa = PBXBuildFile; fileRef = 151A407E19C743CC002970C6 /* image-1.json */; };
		151A40B219C743CC002970C6 /* images-1-0.jpeg in Resources */ = {isa = PBXBuildFile; fileRef = 151A407F19C743CC002970C6 /* images-1-0.jpeg */; };
		151A40B319C743CC002970C6 /* images-1-1.jpeg in Resources */ = {isa = PBXBuildFile; fileRef = 151A408019C743CC002970C6 /* images-1-1.jpeg */; };
		151A40B419C743CC002970C6 /* images-1-2.jpeg in Resources */ = {isa = PBXBuildFile; fileRef = 151A408119C743CC002970C6 /* images-1-2.jpeg */; };
		151A40B519C743CC002970C6 /* images-1-3.jpeg in Resources */ = {isa = PBXBuildFile; fileRef = 151A408219C743CC002970C6 /* images-1-3.jpeg */; };
		151A40B619C743CC002970C6 /* images-1-4.jpeg in Resources */ = {isa = PBXBuildFile; fileRef = 151A408319C743CC002970C6 /* images-1-4.jpeg */; };
		151A40B719C743CC002970C6 /* images-1-5.jpeg in Resources */ = {isa = PBXBuildFile; fileRef = 151A408419C743CC002970C6 /* images-1-5.jpeg */; };
		151A40B819C743CC002970C6 /* images-1-6.jpeg in Resources */ = {isa = PBXBuildFile; fileRef = 151A408519C743CC002970C6 /* images-1-6.jpeg */; };
		151A40B919C743CC002970C6 /* images-1-7.jpeg in Resources */ = {isa = PBXBuildFile; fileRef = 151A408619C743CC002970C6 /* images-1-7.jpeg */; };
		151A40BA19C743CC002970C6 /* images-1-8.jpeg in Resources */ = {isa = PBXBuildFile; fileRef = 151A408719C743CC002970C6 /* images-1-8.jpeg */; };
		151A40BB19C743CC002970C6 /* images-1-9.jpeg in Resources */ = {isa = PBXBuildFile; fileRef = 151A408819C743CC002970C6 /* images-1-9.jpeg */; };
		151A40BC19C743CC002970C6 /* image-2.jpg in Resources */ = {isa = PBXBuildFile; fileRef = 151A408A19C743CC002970C6 /* image-2.jpg */; };
		151A40BD19C743CC002970C6 /* image-2.json in Resources */ = {isa = PBXBuildFile; fileRef = 151A408B19C743CC002970C6 /* image-2.json */; };
		151A40BE19C743CC002970C6 /* images-2-0.jpeg in Resources */ = {isa = PBXBuildFile; fileRef = 151A408C19C743CC002970C6 /* images-2-0.jpeg */; };
		151A40BF19C743CC002970C6 /* images-2-1.jpeg in Resources */ = {isa = PBXBuildFile; fileRef = 151A408D19C743CC002970C6 /* images-2-1.jpeg */; };
		151A40C019C743CC002970C6 /* images-2-2.jpeg in Resources */ = {isa = PBXBuildFile; fileRef = 151A408E19C743CC002970C6 /* images-2-2.jpeg */; };
		151A40C119C743CC002970C6 /* images-2-3.jpeg in Resources */ = {isa = PBXBuildFile; fileRef = 151A408F19C743CC002970C6 /* images-2-3.jpeg */; };
		151A40C219C743CC002970C6 /* images-2-4.jpeg in Resources */ = {isa = PBXBuildFile; fileRef = 151A409019C743CC002970C6 /* images-2-4.jpeg */; };
		151A40C319C743CC002970C6 /* images-2-5.jpeg in Resources */ = {isa = PBXBuildFile; fileRef = 151A409119C743CC002970C6 /* images-2-5.jpeg */; };
		151A40C419C743CC002970C6 /* images-2-6.jpeg in Resources */ = {isa = PBXBuildFile; fileRef = 151A409219C743CC002970C6 /* images-2-6.jpeg */; };
		151A40C519C743CC002970C6 /* images-2-7.jpeg in Resources */ = {isa = PBXBuildFile; fileRef = 151A409319C743CC002970C6 /* images-2-7.jpeg */; };
		151A40C619C743CC002970C6 /* images-2-8.jpeg in Resources */ = {isa = PBXBuildFile; fileRef = 151A409419C743CC002970C6 /* images-2-8.jpeg */; };
		151A40C719C743CC002970C6 /* images-2-9.jpeg in Resources */ = {isa = PBXBuildFile; fileRef = 151A409519C743CC002970C6 /* images-2-9.jpeg */; };
		151A40C819C743CC002970C6 /* image-3.jpg in Resources */ = {isa = PBXBuildFile; fileRef = 151A409719C743CC002970C6 /* image-3.jpg */; };
		151A40C919C743CC002970C6 /* image-3.json in Resources */ = {isa = PBXBuildFile; fileRef = 151A409819C743CC002970C6 /* image-3.json */; };
		151A40CA19C743CC002970C6 /* images-3-0.jpeg in Resources */ = {isa = PBXBuildFile; fileRef = 151A409919C743CC002970C6 /* images-3-0.jpeg */; };
		151A40CB19C743CC002970C6 /* images-3-1.jpeg in Resources */ = {isa = PBXBuildFile; fileRef = 151A409A19C743CC002970C6 /* images-3-1.jpeg */; };
		151A40CC19C743CC002970C6 /* images-3-2.jpeg in Resources */ = {isa = PBXBuildFile; fileRef = 151A409B19C743CC002970C6 /* images-3-2.jpeg */; };
		151A40CD19C743CC002970C6 /* images-3-3.jpeg in Resources */ = {isa = PBXBuildFile; fileRef = 151A409C19C743CC002970C6 /* images-3-3.jpeg */; };
		151A40CE19C743CC002970C6 /* images-3-4.jpeg in Resources */ = {isa = PBXBuildFile; fileRef = 151A409D19C743CC002970C6 /* images-3-4.jpeg */; };
		151A40CF19C743CC002970C6 /* images-3-5.jpeg in Resources */ = {isa = PBXBuildFile; fileRef = 151A409E19C743CC002970C6 /* images-3-5.jpeg */; };
		151A40D019C743CC002970C6 /* images-3-6.jpeg in Resources */ = {isa = PBXBuildFile; fileRef = 151A409F19C743CC002970C6 /* images-3-6.jpeg */; };
		151A40D119C743CC002970C6 /* images-3-7.jpeg in Resources */ = {isa = PBXBuildFile; fileRef = 151A40A019C743CC002970C6 /* images-3-7.jpeg */; };
		151A40D219C743CC002970C6 /* images-3-8.jpeg in Resources */ = {isa = PBXBuildFile; fileRef = 151A40A119C743CC002970C6 /* images-3-8.jpeg */; };
		151A40D319C743CC002970C6 /* images-3-9.jpeg in Resources */ = {isa = PBXBuildFile; fileRef = 151A40A219C743CC002970C6 /* images-3-9.jpeg */; };
		151A40D419C743CC002970C6 /* image-4.jpg in Resources */ = {isa = PBXBuildFile; fileRef = 151A40A419C743CC002970C6 /* image-4.jpg */; };
		151A40D519C743CC002970C6 /* image-4.json in Resources */ = {isa = PBXBuildFile; fileRef = 151A40A519C743CC002970C6 /* image-4.json */; };
		151A40D719C743ED002970C6 /* HomeAxa@2x.png in Resources */ = {isa = PBXBuildFile; fileRef = 151A40D619C743ED002970C6 /* HomeAxa@2x.png */; };
		151A40DB19C746E5002970C6 /* MyConsultantViewController.m in Sources */ = {isa = PBXBuildFile; fileRef = 151A40DA19C746E5002970C6 /* MyConsultantViewController.m */; };
		151A40DD19C74915002970C6 /* my-consultant@2x.png in Resources */ = {isa = PBXBuildFile; fileRef = 151A40DC19C74915002970C6 /* my-consultant@2x.png */; };
		153E1E8719C352A7001A76E6 /* InformationViewController.m in Sources */ = {isa = PBXBuildFile; fileRef = 153E1E8619C352A7001A76E6 /* InformationViewController.m */; };
		153E1E8B19C35C7A001A76E6 /* Photo@2x.png in Resources */ = {isa = PBXBuildFile; fileRef = 153E1E8A19C35C7A001A76E6 /* Photo@2x.png */; };
		1547AA3C19C3001B00245389 /* logo-axa-glass_marge@2x.png in Resources */ = {isa = PBXBuildFile; fileRef = 1547AA3B19C3001B00245389 /* logo-axa-glass_marge@2x.png */; };
		1547AA4F19C30CE100245389 /* elipse-category@2x.png in Resources */ = {isa = PBXBuildFile; fileRef = 1547AA4C19C30CE100245389 /* elipse-category@2x.png */; };
		1547AA5019C30CE100245389 /* elipse-tag@2x.png in Resources */ = {isa = PBXBuildFile; fileRef = 1547AA4D19C30CE100245389 /* elipse-tag@2x.png */; };
		1547AA5119C30CE100245389 /* ellipse-price@2x.png in Resources */ = {isa = PBXBuildFile; fileRef = 1547AA4E19C30CE100245389 /* ellipse-price@2x.png */; };
		1547AA5719C31A8800245389 /* ProtectionCell.m in Sources */ = {isa = PBXBuildFile; fileRef = 1547AA5619C31A8800245389 /* ProtectionCell.m */; };
		157B1BBA19C8823F0022E5BD /* LoginTop@2x.png in Resources */ = {isa = PBXBuildFile; fileRef = 157B1BB819C8823E0022E5BD /* LoginTop@2x.png */; };
		157B1BBB19C8823F0022E5BD /* LoginBackgroundWithoutTop@2x.png in Resources */ = {isa = PBXBuildFile; fileRef = 157B1BB919C8823F0022E5BD /* LoginBackgroundWithoutTop@2x.png */; };
		157B1BBF19C885650022E5BD /* LoginSubscribeButton@2x.png in Resources */ = {isa = PBXBuildFile; fileRef = 157B1BBC19C885650022E5BD /* LoginSubscribeButton@2x.png */; };
		157B1BC019C885650022E5BD /* LoginButton@2x.png in Resources */ = {isa = PBXBuildFile; fileRef = 157B1BBD19C885650022E5BD /* LoginButton@2x.png */; };
		157B1BC119C885650022E5BD /* Login_logo@2x.png in Resources */ = {isa = PBXBuildFile; fileRef = 157B1BBE19C885650022E5BD /* Login_logo@2x.png */; };
		157B1BC319C886040022E5BD /* LoginBackgroundEmpty@2x.png in Resources */ = {isa = PBXBuildFile; fileRef = 157B1BC219C886040022E5BD /* LoginBackgroundEmpty@2x.png */; };
		157B1BC519C88A180022E5BD /* LogoAxa60.png in Resources */ = {isa = PBXBuildFile; fileRef = 157B1BC419C88A180022E5BD /* LogoAxa60.png */; };
		1588837719C2DF8900127E1A /* ImageResultController.m in Sources */ = {isa = PBXBuildFile; fileRef = 1588837619C2DF8900127E1A /* ImageResultController.m */; };
		1588837A19C2E0F700127E1A /* ResultImageCell.m in Sources */ = {isa = PBXBuildFile; fileRef = 1588837919C2E0F700127E1A /* ResultImageCell.m */; };
		1588837F19C2E6EC00127E1A /* Background@2x.png in Resources */ = {isa = PBXBuildFile; fileRef = 1588837E19C2E6EC00127E1A /* Background@2x.png */; };
		1588838719C2F12E00127E1A /* 1-my-consultant@2x.png in Resources */ = {isa = PBXBuildFile; fileRef = 1588838019C2F12E00127E1A /* 1-my-consultant@2x.png */; };
		1588838819C2F12E00127E1A /* 2-my-securities@2x.png in Resources */ = {isa = PBXBuildFile; fileRef = 1588838119C2F12E00127E1A /* 2-my-securities@2x.png */; };
		1588838919C2F12E00127E1A /* 3-my-claims@2x.png in Resources */ = {isa = PBXBuildFile; fileRef = 1588838219C2F12E00127E1A /* 3-my-claims@2x.png */; };
		1588838A19C2F12E00127E1A /* Boutton-report-item@2x.png in Resources */ = {isa = PBXBuildFile; fileRef = 1588838319C2F12E00127E1A /* Boutton-report-item@2x.png */; };
		1588838B19C2F12E00127E1A /* Graph@2x.png in Resources */ = {isa = PBXBuildFile; fileRef = 1588838419C2F12E00127E1A /* Graph@2x.png */; };
		1588838C19C2F12E00127E1A /* logo-axa-glass@2x.png in Resources */ = {isa = PBXBuildFile; fileRef = 1588838519C2F12E00127E1A /* logo-axa-glass@2x.png */; };
		1588838D19C2F12E00127E1A /* logo-axa@2x.png in Resources */ = {isa = PBXBuildFile; fileRef = 1588838619C2F12E00127E1A /* logo-axa@2x.png */; };
		15A9067F19C643660068D0C4 /* BackgroundSearchResults@2x.png in Resources */ = {isa = PBXBuildFile; fileRef = 15A9067E19C643660068D0C4 /* BackgroundSearchResults@2x.png */; };
		15A9068119C644300068D0C4 /* DisclosureBlue@2x.png in Resources */ = {isa = PBXBuildFile; fileRef = 15A9068019C644300068D0C4 /* DisclosureBlue@2x.png */; };
		15A9068319C6CA280068D0C4 /* GlassCell@2x.png in Resources */ = {isa = PBXBuildFile; fileRef = 15A9068219C6CA280068D0C4 /* GlassCell@2x.png */; };
		15A9068519C6EF930068D0C4 /* check@2x.png in Resources */ = {isa = PBXBuildFile; fileRef = 15A9068419C6EF930068D0C4 /* check@2x.png */; };
		15A9068719C6F8700068D0C4 /* applepay@2x.png in Resources */ = {isa = PBXBuildFile; fileRef = 15A9068619C6F8700068D0C4 /* applepay@2x.png */; };
		15A9069719C70DB30068D0C4 /* option-at-home@2x.png in Resources */ = {isa = PBXBuildFile; fileRef = 15A9068C19C70DB30068D0C4 /* option-at-home@2x.png */; };
		15A9069819C70DB30068D0C4 /* option-check@2x.png in Resources */ = {isa = PBXBuildFile; fileRef = 15A9068D19C70DB30068D0C4 /* option-check@2x.png */; };
		15A9069919C70DB30068D0C4 /* option-croix@2x.png in Resources */ = {isa = PBXBuildFile; fileRef = 15A9068E19C70DB30068D0C4 /* option-croix@2x.png */; };
		15A9069A19C70DB30068D0C4 /* option-exclamation@2x.png in Resources */ = {isa = PBXBuildFile; fileRef = 15A9068F19C70DB30068D0C4 /* option-exclamation@2x.png */; };
		15A9069B19C70DB30068D0C4 /* option-in-the-car@2x.png in Resources */ = {isa = PBXBuildFile; fileRef = 15A9069019C70DB30068D0C4 /* option-in-the-car@2x.png */; };
		15A9069C19C70DB30068D0C4 /* option-info@2x.png in Resources */ = {isa = PBXBuildFile; fileRef = 15A9069119C70DB30068D0C4 /* option-info@2x.png */; };
		15A9069D19C70DB30068D0C4 /* option-outside@2x.png in Resources */ = {isa = PBXBuildFile; fileRef = 15A9069219C70DB30068D0C4 /* option-outside@2x.png */; };
		15A9069E19C70DB30068D0C4 /* option-traveling@2x.png in Resources */ = {isa = PBXBuildFile; fileRef = 15A9069319C70DB30068D0C4 /* option-traveling@2x.png */; };
		15A906A319C711840068D0C4 /* Info-background@2x.png in Resources */ = {isa = PBXBuildFile; fileRef = 15A906A019C711840068D0C4 /* Info-background@2x.png */; };
		15A906A419C711840068D0C4 /* Info-croix@2x.png in Resources */ = {isa = PBXBuildFile; fileRef = 15A906A119C711840068D0C4 /* Info-croix@2x.png */; };
		15A906A519C711840068D0C4 /* Info-done@2x.png in Resources */ = {isa = PBXBuildFile; fileRef = 15A906A219C711840068D0C4 /* Info-done@2x.png */; };
		15C795C319C1D0CB0068B8F2 /* Foundation.framework in Frameworks */ = {isa = PBXBuildFile; fileRef = 15C795C219C1D0CB0068B8F2 /* Foundation.framework */; };
		15C795C519C1D0CB0068B8F2 /* CoreGraphics.framework in Frameworks */ = {isa = PBXBuildFile; fileRef = 15C795C419C1D0CB0068B8F2 /* CoreGraphics.framework */; };
		15C795C719C1D0CB0068B8F2 /* UIKit.framework in Frameworks */ = {isa = PBXBuildFile; fileRef = 15C795C619C1D0CB0068B8F2 /* UIKit.framework */; };
		15C795CD19C1D0CB0068B8F2 /* InfoPlist.strings in Resources */ = {isa = PBXBuildFile; fileRef = 15C795CB19C1D0CB0068B8F2 /* InfoPlist.strings */; };
		15C795CF19C1D0CB0068B8F2 /* main.m in Sources */ = {isa = PBXBuildFile; fileRef = 15C795CE19C1D0CB0068B8F2 /* main.m */; };
		15C795D319C1D0CB0068B8F2 /* AppDelegate.m in Sources */ = {isa = PBXBuildFile; fileRef = 15C795D219C1D0CB0068B8F2 /* AppDelegate.m */; };
		15C795D619C1D0CB0068B8F2 /* Main.storyboard in Resources */ = {isa = PBXBuildFile; fileRef = 15C795D419C1D0CB0068B8F2 /* Main.storyboard */; };
		15C795D919C1D0CB0068B8F2 /* HomeViewController.m in Sources */ = {isa = PBXBuildFile; fileRef = 15C795D819C1D0CB0068B8F2 /* HomeViewController.m */; };
		15C795DE19C1D0CB0068B8F2 /* Images.xcassets in Resources */ = {isa = PBXBuildFile; fileRef = 15C795DD19C1D0CB0068B8F2 /* Images.xcassets */; };
		15C795E619C1D0CB0068B8F2 /* Foundation.framework in Frameworks */ = {isa = PBXBuildFile; fileRef = 15C795C219C1D0CB0068B8F2 /* Foundation.framework */; };
		15C795E719C1D0CB0068B8F2 /* UIKit.framework in Frameworks */ = {isa = PBXBuildFile; fileRef = 15C795C619C1D0CB0068B8F2 /* UIKit.framework */; };
		15C795FC19C1D6E80068B8F2 /* ChooserViewController.m in Sources */ = {isa = PBXBuildFile; fileRef = 15C795FB19C1D6E80068B8F2 /* ChooserViewController.m */; };
		15C7961819C1DD860068B8F2 /* ImageModel.m in Sources */ = {isa = PBXBuildFile; fileRef = 15C7961719C1DD860068B8F2 /* ImageModel.m */; };
		15C7961C19C1DFA10068B8F2 /* SimilarImage.m in Sources */ = {isa = PBXBuildFile; fileRef = 15C7961B19C1DFA10068B8F2 /* SimilarImage.m */; };
		15C7961F19C1E0BC0068B8F2 /* ImagesModel.m in Sources */ = {isa = PBXBuildFile; fileRef = 15C7961E19C1E0BC0068B8F2 /* ImagesModel.m */; };
		15C7962319C1E2B90068B8F2 /* ImageDetailViewController.m in Sources */ = {isa = PBXBuildFile; fileRef = 15C7962219C1E2B90068B8F2 /* ImageDetailViewController.m */; };
		E11720E919D8B1DD00B1FBBC /* myprotections.json in Resources */ = {isa = PBXBuildFile; fileRef = E11720E719D8B1DD00B1FBBC /* myprotections.json */; };
		E11720EA19D8B1DD00B1FBBC /* TemplateIcon2x.png in Resources */ = {isa = PBXBuildFile; fileRef = E11720E819D8B1DD00B1FBBC /* TemplateIcon2x.png */; };
		E11720EE19D8B30F00B1FBBC /* ProtectionsModel.m in Sources */ = {isa = PBXBuildFile; fileRef = E11720EC19D8B30F00B1FBBC /* ProtectionsModel.m */; };
		E11720F319D8B58D00B1FBBC /* ProtectionGroupModel.m in Sources */ = {isa = PBXBuildFile; fileRef = E11720F219D8B58D00B1FBBC /* ProtectionGroupModel.m */; };
		E11720F619D8BB4700B1FBBC /* ProtectionItemModel.m in Sources */ = {isa = PBXBuildFile; fileRef = E11720F519D8BB4700B1FBBC /* ProtectionItemModel.m */; };
		E11720F919D8C54500B1FBBC /* ProtectionModel.m in Sources */ = {isa = PBXBuildFile; fileRef = E11720F819D8C54500B1FBBC /* ProtectionModel.m */; };
		E11720FB19DA025400B1FBBC /* MyProtectionsTableViewController.m in Sources */ = {isa = PBXBuildFile; fileRef = E11720FA19DA025400B1FBBC /* MyProtectionsTableViewController.m */; };
		E11720FD19DA0AFE00B1FBBC /* MyProtectionCell.m in Sources */ = {isa = PBXBuildFile; fileRef = E11720FC19DA0AFE00B1FBBC /* MyProtectionCell.m */; };
		E117210019DC906D00B1FBBC /* MyProtectionDetailsViewController.m in Sources */ = {isa = PBXBuildFile; fileRef = E11720FF19DC906D00B1FBBC /* MyProtectionDetailsViewController.m */; };
		E122CE4019FB014B0052FE56 /* Reachability.m in Sources */ = {isa = PBXBuildFile; fileRef = E122CE3F19FB014B0052FE56 /* Reachability.m */; };
		E122CE4319FB0E5F0052FE56 /* AHReach.m in Sources */ = {isa = PBXBuildFile; fileRef = E122CE4219FB0E5F0052FE56 /* AHReach.m */; };
		E15EE26519E4C4C500DE9344 /* Info-background-core@2x.png in Resources */ = {isa = PBXBuildFile; fileRef = E15EE26319E4C4C500DE9344 /* Info-background-core@2x.png */; };
		E15EE26619E4C4C500DE9344 /* Info-background-small@2x.png in Resources */ = {isa = PBXBuildFile; fileRef = E15EE26419E4C4C500DE9344 /* Info-background-small@2x.png */; };
		E1681AD819CB45DE00768E8D /* libPods.a in Frameworks */ = {isa = PBXBuildFile; fileRef = E1681AD719CB45DE00768E8D /* libPods.a */; };
/* End PBXBuildFile section */

/* Begin PBXContainerItemProxy section */
		15C795E819C1D0CB0068B8F2 /* PBXContainerItemProxy */ = {
			isa = PBXContainerItemProxy;
			containerPortal = 15C795B719C1D0CB0068B8F2 /* Project object */;
			proxyType = 1;
			remoteGlobalIDString = 15C795BE19C1D0CB0068B8F2;
			remoteInfo = "Axa Glass";
		};
/* End PBXContainerItemProxy section */

/* Begin PBXFileReference section */
		1510FBE819C8248700D81805 /* OptionCell.h */ = {isa = PBXFileReference; fileEncoding = 4; lastKnownFileType = sourcecode.c.h; path = OptionCell.h; sourceTree = "<group>"; };
		1510FBE919C8248700D81805 /* OptionCell.m */ = {isa = PBXFileReference; fileEncoding = 4; lastKnownFileType = sourcecode.c.objc; path = OptionCell.m; sourceTree = "<group>"; };
		1510FBEB19C8414F00D81805 /* Home-last-items@2x.png */ = {isa = PBXFileReference; lastKnownFileType = image.png; path = "Home-last-items@2x.png"; sourceTree = "<group>"; };
		1510FBEC19C8414F00D81805 /* my-watch-list@2x.png */ = {isa = PBXFileReference; lastKnownFileType = image.png; path = "my-watch-list@2x.png"; sourceTree = "<group>"; };
		151A406B19C74397002970C6 /* ITCFranklinGothicStd-Book.otf */ = {isa = PBXFileReference; lastKnownFileType = file; path = "ITCFranklinGothicStd-Book.otf"; sourceTree = "<group>"; };
		151A406C19C74397002970C6 /* ITCFranklinGothicStd-Demi.otf */ = {isa = PBXFileReference; lastKnownFileType = file; path = "ITCFranklinGothicStd-Demi.otf"; sourceTree = "<group>"; };
		151A406D19C74397002970C6 /* ITCFranklinGothicStd-DmCd.otf */ = {isa = PBXFileReference; lastKnownFileType = file; path = "ITCFranklinGothicStd-DmCd.otf"; sourceTree = "<group>"; };
		151A407219C743CC002970C6 /* image-0.jpg */ = {isa = PBXFileReference; lastKnownFileType = image.jpeg; path = "image-0.jpg"; sourceTree = "<group>"; };
		151A407319C743CC002970C6 /* image-0.json */ = {isa = PBXFileReference; fileEncoding = 4; lastKnownFileType = text.json; path = "image-0.json"; sourceTree = "<group>"; };
		151A407419C743CC002970C6 /* images-0-0.jpeg */ = {isa = PBXFileReference; lastKnownFileType = image.jpeg; path = "images-0-0.jpeg"; sourceTree = "<group>"; };
		151A407519C743CC002970C6 /* images-0-1.jpeg */ = {isa = PBXFileReference; lastKnownFileType = image.jpeg; path = "images-0-1.jpeg"; sourceTree = "<group>"; };
		151A407619C743CC002970C6 /* images-0-2.jpeg */ = {isa = PBXFileReference; lastKnownFileType = image.jpeg; path = "images-0-2.jpeg"; sourceTree = "<group>"; };
		151A407719C743CC002970C6 /* images-0-3.jpeg */ = {isa = PBXFileReference; lastKnownFileType = image.jpeg; path = "images-0-3.jpeg"; sourceTree = "<group>"; };
		151A407819C743CC002970C6 /* images-0-4.jpeg */ = {isa = PBXFileReference; lastKnownFileType = image.jpeg; path = "images-0-4.jpeg"; sourceTree = "<group>"; };
		151A407919C743CC002970C6 /* images-0-5.jpeg */ = {isa = PBXFileReference; lastKnownFileType = image.jpeg; path = "images-0-5.jpeg"; sourceTree = "<group>"; };
		151A407A19C743CC002970C6 /* images-0-6.jpeg */ = {isa = PBXFileReference; lastKnownFileType = image.jpeg; path = "images-0-6.jpeg"; sourceTree = "<group>"; };
		151A407B19C743CC002970C6 /* images-0-7.jpeg */ = {isa = PBXFileReference; lastKnownFileType = image.jpeg; path = "images-0-7.jpeg"; sourceTree = "<group>"; };
		151A407D19C743CC002970C6 /* image-1.jpg */ = {isa = PBXFileReference; lastKnownFileType = image.jpeg; path = "image-1.jpg"; sourceTree = "<group>"; };
		151A407E19C743CC002970C6 /* image-1.json */ = {isa = PBXFileReference; fileEncoding = 4; lastKnownFileType = text.json; path = "image-1.json"; sourceTree = "<group>"; };
		151A407F19C743CC002970C6 /* images-1-0.jpeg */ = {isa = PBXFileReference; lastKnownFileType = image.jpeg; path = "images-1-0.jpeg"; sourceTree = "<group>"; };
		151A408019C743CC002970C6 /* images-1-1.jpeg */ = {isa = PBXFileReference; lastKnownFileType = image.jpeg; path = "images-1-1.jpeg"; sourceTree = "<group>"; };
		151A408119C743CC002970C6 /* images-1-2.jpeg */ = {isa = PBXFileReference; lastKnownFileType = image.jpeg; path = "images-1-2.jpeg"; sourceTree = "<group>"; };
		151A408219C743CC002970C6 /* images-1-3.jpeg */ = {isa = PBXFileReference; lastKnownFileType = image.jpeg; path = "images-1-3.jpeg"; sourceTree = "<group>"; };
		151A408319C743CC002970C6 /* images-1-4.jpeg */ = {isa = PBXFileReference; lastKnownFileType = image.jpeg; path = "images-1-4.jpeg"; sourceTree = "<group>"; };
		151A408419C743CC002970C6 /* images-1-5.jpeg */ = {isa = PBXFileReference; lastKnownFileType = image.jpeg; path = "images-1-5.jpeg"; sourceTree = "<group>"; };
		151A408519C743CC002970C6 /* images-1-6.jpeg */ = {isa = PBXFileReference; lastKnownFileType = image.jpeg; path = "images-1-6.jpeg"; sourceTree = "<group>"; };
		151A408619C743CC002970C6 /* images-1-7.jpeg */ = {isa = PBXFileReference; lastKnownFileType = image.jpeg; path = "images-1-7.jpeg"; sourceTree = "<group>"; };
		151A408719C743CC002970C6 /* images-1-8.jpeg */ = {isa = PBXFileReference; lastKnownFileType = image.jpeg; path = "images-1-8.jpeg"; sourceTree = "<group>"; };
		151A408819C743CC002970C6 /* images-1-9.jpeg */ = {isa = PBXFileReference; lastKnownFileType = image.jpeg; path = "images-1-9.jpeg"; sourceTree = "<group>"; };
		151A408A19C743CC002970C6 /* image-2.jpg */ = {isa = PBXFileReference; lastKnownFileType = image.jpeg; path = "image-2.jpg"; sourceTree = "<group>"; };
		151A408B19C743CC002970C6 /* image-2.json */ = {isa = PBXFileReference; fileEncoding = 4; lastKnownFileType = text.json; path = "image-2.json"; sourceTree = "<group>"; };
		151A408C19C743CC002970C6 /* images-2-0.jpeg */ = {isa = PBXFileReference; lastKnownFileType = image.jpeg; path = "images-2-0.jpeg"; sourceTree = "<group>"; };
		151A408D19C743CC002970C6 /* images-2-1.jpeg */ = {isa = PBXFileReference; lastKnownFileType = image.jpeg; path = "images-2-1.jpeg"; sourceTree = "<group>"; };
		151A408E19C743CC002970C6 /* images-2-2.jpeg */ = {isa = PBXFileReference; lastKnownFileType = image.jpeg; path = "images-2-2.jpeg"; sourceTree = "<group>"; };
		151A408F19C743CC002970C6 /* images-2-3.jpeg */ = {isa = PBXFileReference; lastKnownFileType = image.jpeg; path = "images-2-3.jpeg"; sourceTree = "<group>"; };
		151A409019C743CC002970C6 /* images-2-4.jpeg */ = {isa = PBXFileReference; lastKnownFileType = image.jpeg; path = "images-2-4.jpeg"; sourceTree = "<group>"; };
		151A409119C743CC002970C6 /* images-2-5.jpeg */ = {isa = PBXFileReference; lastKnownFileType = image.jpeg; path = "images-2-5.jpeg"; sourceTree = "<group>"; };
		151A409219C743CC002970C6 /* images-2-6.jpeg */ = {isa = PBXFileReference; lastKnownFileType = image.jpeg; path = "images-2-6.jpeg"; sourceTree = "<group>"; };
		151A409319C743CC002970C6 /* images-2-7.jpeg */ = {isa = PBXFileReference; lastKnownFileType = image.jpeg; path = "images-2-7.jpeg"; sourceTree = "<group>"; };
		151A409419C743CC002970C6 /* images-2-8.jpeg */ = {isa = PBXFileReference; lastKnownFileType = image.jpeg; path = "images-2-8.jpeg"; sourceTree = "<group>"; };
		151A409519C743CC002970C6 /* images-2-9.jpeg */ = {isa = PBXFileReference; lastKnownFileType = image.jpeg; path = "images-2-9.jpeg"; sourceTree = "<group>"; };
		151A409719C743CC002970C6 /* image-3.jpg */ = {isa = PBXFileReference; lastKnownFileType = image.jpeg; path = "image-3.jpg"; sourceTree = "<group>"; };
		151A409819C743CC002970C6 /* image-3.json */ = {isa = PBXFileReference; fileEncoding = 4; lastKnownFileType = text.json; path = "image-3.json"; sourceTree = "<group>"; };
		151A409919C743CC002970C6 /* images-3-0.jpeg */ = {isa = PBXFileReference; lastKnownFileType = image.jpeg; path = "images-3-0.jpeg"; sourceTree = "<group>"; };
		151A409A19C743CC002970C6 /* images-3-1.jpeg */ = {isa = PBXFileReference; lastKnownFileType = image.jpeg; path = "images-3-1.jpeg"; sourceTree = "<group>"; };
		151A409B19C743CC002970C6 /* images-3-2.jpeg */ = {isa = PBXFileReference; lastKnownFileType = image.jpeg; path = "images-3-2.jpeg"; sourceTree = "<group>"; };
		151A409C19C743CC002970C6 /* images-3-3.jpeg */ = {isa = PBXFileReference; lastKnownFileType = image.jpeg; path = "images-3-3.jpeg"; sourceTree = "<group>"; };
		151A409D19C743CC002970C6 /* images-3-4.jpeg */ = {isa = PBXFileReference; lastKnownFileType = image.jpeg; path = "images-3-4.jpeg"; sourceTree = "<group>"; };
		151A409E19C743CC002970C6 /* images-3-5.jpeg */ = {isa = PBXFileReference; lastKnownFileType = image.jpeg; path = "images-3-5.jpeg"; sourceTree = "<group>"; };
		151A409F19C743CC002970C6 /* images-3-6.jpeg */ = {isa = PBXFileReference; lastKnownFileType = image.jpeg; path = "images-3-6.jpeg"; sourceTree = "<group>"; };
		151A40A019C743CC002970C6 /* images-3-7.jpeg */ = {isa = PBXFileReference; lastKnownFileType = image.jpeg; path = "images-3-7.jpeg"; sourceTree = "<group>"; };
		151A40A119C743CC002970C6 /* images-3-8.jpeg */ = {isa = PBXFileReference; lastKnownFileType = image.jpeg; path = "images-3-8.jpeg"; sourceTree = "<group>"; };
		151A40A219C743CC002970C6 /* images-3-9.jpeg */ = {isa = PBXFileReference; lastKnownFileType = image.jpeg; path = "images-3-9.jpeg"; sourceTree = "<group>"; };
		151A40A419C743CC002970C6 /* image-4.jpg */ = {isa = PBXFileReference; lastKnownFileType = image.jpeg; path = "image-4.jpg"; sourceTree = "<group>"; };
		151A40A519C743CC002970C6 /* image-4.json */ = {isa = PBXFileReference; fileEncoding = 4; lastKnownFileType = text.json; path = "image-4.json"; sourceTree = "<group>"; };
		151A40D619C743ED002970C6 /* HomeAxa@2x.png */ = {isa = PBXFileReference; lastKnownFileType = image.png; path = "HomeAxa@2x.png"; sourceTree = "<group>"; };
		151A40D919C746E5002970C6 /* MyConsultantViewController.h */ = {isa = PBXFileReference; fileEncoding = 4; lastKnownFileType = sourcecode.c.h; path = MyConsultantViewController.h; sourceTree = "<group>"; };
		151A40DA19C746E5002970C6 /* MyConsultantViewController.m */ = {isa = PBXFileReference; fileEncoding = 4; lastKnownFileType = sourcecode.c.objc; path = MyConsultantViewController.m; sourceTree = "<group>"; };
		151A40DC19C74915002970C6 /* my-consultant@2x.png */ = {isa = PBXFileReference; lastKnownFileType = image.png; path = "my-consultant@2x.png"; sourceTree = "<group>"; };
		153E1E8519C352A7001A76E6 /* InformationViewController.h */ = {isa = PBXFileReference; fileEncoding = 4; lastKnownFileType = sourcecode.c.h; path = InformationViewController.h; sourceTree = "<group>"; };
		153E1E8619C352A7001A76E6 /* InformationViewController.m */ = {isa = PBXFileReference; fileEncoding = 4; lastKnownFileType = sourcecode.c.objc; path = InformationViewController.m; sourceTree = "<group>"; };
		153E1E8A19C35C7A001A76E6 /* Photo@2x.png */ = {isa = PBXFileReference; lastKnownFileType = image.png; path = "Photo@2x.png"; sourceTree = "<group>"; };
		1547AA3B19C3001B00245389 /* logo-axa-glass_marge@2x.png */ = {isa = PBXFileReference; lastKnownFileType = image.png; path = "logo-axa-glass_marge@2x.png"; sourceTree = "<group>"; };
		1547AA4419C3070700245389 /* Const.h */ = {isa = PBXFileReference; lastKnownFileType = sourcecode.c.h; path = Const.h; sourceTree = "<group>"; };
		1547AA4C19C30CE100245389 /* elipse-category@2x.png */ = {isa = PBXFileReference; lastKnownFileType = image.png; path = "elipse-category@2x.png"; sourceTree = "<group>"; };
		1547AA4D19C30CE100245389 /* elipse-tag@2x.png */ = {isa = PBXFileReference; lastKnownFileType = image.png; path = "elipse-tag@2x.png"; sourceTree = "<group>"; };
		1547AA4E19C30CE100245389 /* ellipse-price@2x.png */ = {isa = PBXFileReference; lastKnownFileType = image.png; path = "ellipse-price@2x.png"; sourceTree = "<group>"; };
		1547AA5519C31A8800245389 /* ProtectionCell.h */ = {isa = PBXFileReference; fileEncoding = 4; lastKnownFileType = sourcecode.c.h; path = ProtectionCell.h; sourceTree = "<group>"; };
		1547AA5619C31A8800245389 /* ProtectionCell.m */ = {isa = PBXFileReference; fileEncoding = 4; lastKnownFileType = sourcecode.c.objc; path = ProtectionCell.m; sourceTree = "<group>"; };
		157B1BB819C8823E0022E5BD /* LoginTop@2x.png */ = {isa = PBXFileReference; lastKnownFileType = image.png; path = "LoginTop@2x.png"; sourceTree = "<group>"; };
		157B1BB919C8823F0022E5BD /* LoginBackgroundWithoutTop@2x.png */ = {isa = PBXFileReference; lastKnownFileType = image.png; path = "LoginBackgroundWithoutTop@2x.png"; sourceTree = "<group>"; };
		157B1BBC19C885650022E5BD /* LoginSubscribeButton@2x.png */ = {isa = PBXFileReference; lastKnownFileType = image.png; path = "LoginSubscribeButton@2x.png"; sourceTree = "<group>"; };
		157B1BBD19C885650022E5BD /* LoginButton@2x.png */ = {isa = PBXFileReference; lastKnownFileType = image.png; path = "LoginButton@2x.png"; sourceTree = "<group>"; };
		157B1BBE19C885650022E5BD /* Login_logo@2x.png */ = {isa = PBXFileReference; lastKnownFileType = image.png; path = "Login_logo@2x.png"; sourceTree = "<group>"; };
		157B1BC219C886040022E5BD /* LoginBackgroundEmpty@2x.png */ = {isa = PBXFileReference; lastKnownFileType = image.png; path = "LoginBackgroundEmpty@2x.png"; sourceTree = "<group>"; };
		157B1BC419C88A180022E5BD /* LogoAxa60.png */ = {isa = PBXFileReference; lastKnownFileType = image.png; path = LogoAxa60.png; sourceTree = "<group>"; };
		1588837519C2DF8900127E1A /* ImageResultController.h */ = {isa = PBXFileReference; fileEncoding = 4; lastKnownFileType = sourcecode.c.h; path = ImageResultController.h; sourceTree = "<group>"; };
		1588837619C2DF8900127E1A /* ImageResultController.m */ = {isa = PBXFileReference; fileEncoding = 4; lastKnownFileType = sourcecode.c.objc; path = ImageResultController.m; sourceTree = "<group>"; };
		1588837819C2E0F700127E1A /* ResultImageCell.h */ = {isa = PBXFileReference; fileEncoding = 4; lastKnownFileType = sourcecode.c.h; path = ResultImageCell.h; sourceTree = "<group>"; };
		1588837919C2E0F700127E1A /* ResultImageCell.m */ = {isa = PBXFileReference; fileEncoding = 4; lastKnownFileType = sourcecode.c.objc; path = ResultImageCell.m; sourceTree = "<group>"; };
		1588837E19C2E6EC00127E1A /* Background@2x.png */ = {isa = PBXFileReference; lastKnownFileType = image.png; path = "Background@2x.png"; sourceTree = "<group>"; };
		1588838019C2F12E00127E1A /* 1-my-consultant@2x.png */ = {isa = PBXFileReference; lastKnownFileType = image.png; path = "1-my-consultant@2x.png"; sourceTree = "<group>"; };
		1588838119C2F12E00127E1A /* 2-my-securities@2x.png */ = {isa = PBXFileReference; lastKnownFileType = image.png; path = "2-my-securities@2x.png"; sourceTree = "<group>"; };
		1588838219C2F12E00127E1A /* 3-my-claims@2x.png */ = {isa = PBXFileReference; lastKnownFileType = image.png; path = "3-my-claims@2x.png"; sourceTree = "<group>"; };
		1588838319C2F12E00127E1A /* Boutton-report-item@2x.png */ = {isa = PBXFileReference; lastKnownFileType = image.png; path = "Boutton-report-item@2x.png"; sourceTree = "<group>"; };
		1588838419C2F12E00127E1A /* Graph@2x.png */ = {isa = PBXFileReference; lastKnownFileType = image.png; path = "Graph@2x.png"; sourceTree = "<group>"; };
		1588838519C2F12E00127E1A /* logo-axa-glass@2x.png */ = {isa = PBXFileReference; lastKnownFileType = image.png; path = "logo-axa-glass@2x.png"; sourceTree = "<group>"; };
		1588838619C2F12E00127E1A /* logo-axa@2x.png */ = {isa = PBXFileReference; lastKnownFileType = image.png; path = "logo-axa@2x.png"; sourceTree = "<group>"; };
		15A9067E19C643660068D0C4 /* BackgroundSearchResults@2x.png */ = {isa = PBXFileReference; lastKnownFileType = image.png; path = "BackgroundSearchResults@2x.png"; sourceTree = "<group>"; };
		15A9068019C644300068D0C4 /* DisclosureBlue@2x.png */ = {isa = PBXFileReference; lastKnownFileType = image.png; path = "DisclosureBlue@2x.png"; sourceTree = "<group>"; };
		15A9068219C6CA280068D0C4 /* GlassCell@2x.png */ = {isa = PBXFileReference; lastKnownFileType = image.png; path = "GlassCell@2x.png"; sourceTree = "<group>"; };
		15A9068419C6EF930068D0C4 /* check@2x.png */ = {isa = PBXFileReference; lastKnownFileType = image.png; path = "check@2x.png"; sourceTree = "<group>"; };
		15A9068619C6F8700068D0C4 /* applepay@2x.png */ = {isa = PBXFileReference; lastKnownFileType = image.png; path = "applepay@2x.png"; sourceTree = "<group>"; };
		15A9068C19C70DB30068D0C4 /* option-at-home@2x.png */ = {isa = PBXFileReference; lastKnownFileType = image.png; path = "option-at-home@2x.png"; sourceTree = "<group>"; };
		15A9068D19C70DB30068D0C4 /* option-check@2x.png */ = {isa = PBXFileReference; lastKnownFileType = image.png; path = "option-check@2x.png"; sourceTree = "<group>"; };
		15A9068E19C70DB30068D0C4 /* option-croix@2x.png */ = {isa = PBXFileReference; lastKnownFileType = image.png; path = "option-croix@2x.png"; sourceTree = "<group>"; };
		15A9068F19C70DB30068D0C4 /* option-exclamation@2x.png */ = {isa = PBXFileReference; lastKnownFileType = image.png; path = "option-exclamation@2x.png"; sourceTree = "<group>"; };
		15A9069019C70DB30068D0C4 /* option-in-the-car@2x.png */ = {isa = PBXFileReference; lastKnownFileType = image.png; path = "option-in-the-car@2x.png"; sourceTree = "<group>"; };
		15A9069119C70DB30068D0C4 /* option-info@2x.png */ = {isa = PBXFileReference; lastKnownFileType = image.png; path = "option-info@2x.png"; sourceTree = "<group>"; };
		15A9069219C70DB30068D0C4 /* option-outside@2x.png */ = {isa = PBXFileReference; lastKnownFileType = image.png; path = "option-outside@2x.png"; sourceTree = "<group>"; };
		15A9069319C70DB30068D0C4 /* option-traveling@2x.png */ = {isa = PBXFileReference; lastKnownFileType = image.png; path = "option-traveling@2x.png"; sourceTree = "<group>"; };
		15A906A019C711840068D0C4 /* Info-background@2x.png */ = {isa = PBXFileReference; lastKnownFileType = image.png; path = "Info-background@2x.png"; sourceTree = "<group>"; };
		15A906A119C711840068D0C4 /* Info-croix@2x.png */ = {isa = PBXFileReference; lastKnownFileType = image.png; path = "Info-croix@2x.png"; sourceTree = "<group>"; };
		15A906A219C711840068D0C4 /* Info-done@2x.png */ = {isa = PBXFileReference; lastKnownFileType = image.png; path = "Info-done@2x.png"; sourceTree = "<group>"; };
		15C795BF19C1D0CB0068B8F2 /* Axa Glass.app */ = {isa = PBXFileReference; explicitFileType = wrapper.application; includeInIndex = 0; path = "Axa Glass.app"; sourceTree = BUILT_PRODUCTS_DIR; };
		15C795C219C1D0CB0068B8F2 /* Foundation.framework */ = {isa = PBXFileReference; lastKnownFileType = wrapper.framework; name = Foundation.framework; path = System/Library/Frameworks/Foundation.framework; sourceTree = SDKROOT; };
		15C795C419C1D0CB0068B8F2 /* CoreGraphics.framework */ = {isa = PBXFileReference; lastKnownFileType = wrapper.framework; name = CoreGraphics.framework; path = System/Library/Frameworks/CoreGraphics.framework; sourceTree = SDKROOT; };
		15C795C619C1D0CB0068B8F2 /* UIKit.framework */ = {isa = PBXFileReference; lastKnownFileType = wrapper.framework; name = UIKit.framework; path = System/Library/Frameworks/UIKit.framework; sourceTree = SDKROOT; };
		15C795CA19C1D0CB0068B8F2 /* Axa Glass-Info.plist */ = {isa = PBXFileReference; lastKnownFileType = text.plist.xml; path = "Axa Glass-Info.plist"; sourceTree = "<group>"; };
		15C795CC19C1D0CB0068B8F2 /* en */ = {isa = PBXFileReference; lastKnownFileType = text.plist.strings; name = en; path = en.lproj/InfoPlist.strings; sourceTree = "<group>"; };
		15C795CE19C1D0CB0068B8F2 /* main.m */ = {isa = PBXFileReference; lastKnownFileType = sourcecode.c.objc; path = main.m; sourceTree = "<group>"; };
		15C795D019C1D0CB0068B8F2 /* Axa Glass-Prefix.pch */ = {isa = PBXFileReference; lastKnownFileType = sourcecode.c.h; path = "Axa Glass-Prefix.pch"; sourceTree = "<group>"; };
		15C795D119C1D0CB0068B8F2 /* AppDelegate.h */ = {isa = PBXFileReference; lastKnownFileType = sourcecode.c.h; path = AppDelegate.h; sourceTree = "<group>"; };
		15C795D219C1D0CB0068B8F2 /* AppDelegate.m */ = {isa = PBXFileReference; lastKnownFileType = sourcecode.c.objc; path = AppDelegate.m; sourceTree = "<group>"; };
		15C795D519C1D0CB0068B8F2 /* Base */ = {isa = PBXFileReference; lastKnownFileType = file.storyboard; name = Base; path = Base.lproj/Main.storyboard; sourceTree = "<group>"; };
		15C795D719C1D0CB0068B8F2 /* HomeViewController.h */ = {isa = PBXFileReference; lastKnownFileType = sourcecode.c.h; path = HomeViewController.h; sourceTree = "<group>"; };
		15C795D819C1D0CB0068B8F2 /* HomeViewController.m */ = {isa = PBXFileReference; lastKnownFileType = sourcecode.c.objc; path = HomeViewController.m; sourceTree = "<group>"; };
		15C795DD19C1D0CB0068B8F2 /* Images.xcassets */ = {isa = PBXFileReference; lastKnownFileType = folder.assetcatalog; path = Images.xcassets; sourceTree = "<group>"; };
		15C795E319C1D0CB0068B8F2 /* Axa GlassTests.xctest */ = {isa = PBXFileReference; explicitFileType = wrapper.cfbundle; includeInIndex = 0; path = "Axa GlassTests.xctest"; sourceTree = BUILT_PRODUCTS_DIR; };
		15C795FA19C1D6E80068B8F2 /* ChooserViewController.h */ = {isa = PBXFileReference; fileEncoding = 4; lastKnownFileType = sourcecode.c.h; path = ChooserViewController.h; sourceTree = "<group>"; };
		15C795FB19C1D6E80068B8F2 /* ChooserViewController.m */ = {isa = PBXFileReference; fileEncoding = 4; lastKnownFileType = sourcecode.c.objc; path = ChooserViewController.m; sourceTree = "<group>"; };
		15C7961619C1DD860068B8F2 /* ImageModel.h */ = {isa = PBXFileReference; fileEncoding = 4; lastKnownFileType = sourcecode.c.h; path = ImageModel.h; sourceTree = "<group>"; };
		15C7961719C1DD860068B8F2 /* ImageModel.m */ = {isa = PBXFileReference; fileEncoding = 4; lastKnownFileType = sourcecode.c.objc; path = ImageModel.m; sourceTree = "<group>"; };
		15C7961A19C1DFA10068B8F2 /* SimilarImage.h */ = {isa = PBXFileReference; fileEncoding = 4; lastKnownFileType = sourcecode.c.h; path = SimilarImage.h; sourceTree = "<group>"; };
		15C7961B19C1DFA10068B8F2 /* SimilarImage.m */ = {isa = PBXFileReference; fileEncoding = 4; lastKnownFileType = sourcecode.c.objc; path = SimilarImage.m; sourceTree = "<group>"; };
		15C7961D19C1E0BC0068B8F2 /* ImagesModel.h */ = {isa = PBXFileReference; fileEncoding = 4; lastKnownFileType = sourcecode.c.h; path = ImagesModel.h; sourceTree = "<group>"; };
		15C7961E19C1E0BC0068B8F2 /* ImagesModel.m */ = {isa = PBXFileReference; fileEncoding = 4; lastKnownFileType = sourcecode.c.objc; path = ImagesModel.m; sourceTree = "<group>"; };
		15C7962119C1E2B90068B8F2 /* ImageDetailViewController.h */ = {isa = PBXFileReference; fileEncoding = 4; lastKnownFileType = sourcecode.c.h; path = ImageDetailViewController.h; sourceTree = "<group>"; };
		15C7962219C1E2B90068B8F2 /* ImageDetailViewController.m */ = {isa = PBXFileReference; fileEncoding = 4; lastKnownFileType = sourcecode.c.objc; path = ImageDetailViewController.m; sourceTree = "<group>"; };
		90D8EF492E9E4317BBFE257F /* Pods.xcconfig */ = {isa = PBXFileReference; includeInIndex = 1; lastKnownFileType = text.xcconfig; name = Pods.xcconfig; path = Pods/Pods.xcconfig; sourceTree = "<group>"; };
		E11720E519D712EC00B1FBBC /* MyProtectionsTableViewController.h */ = {isa = PBXFileReference; lastKnownFileType = sourcecode.c.h; path = MyProtectionsTableViewController.h; sourceTree = "<group>"; };
		E11720E619D8A02500B1FBBC /* MyProtectionCell.h */ = {isa = PBXFileReference; lastKnownFileType = sourcecode.c.h; path = MyProtectionCell.h; sourceTree = "<group>"; };
		E11720E719D8B1DD00B1FBBC /* myprotections.json */ = {isa = PBXFileReference; fileEncoding = 4; lastKnownFileType = text.json; path = myprotections.json; sourceTree = "<group>"; };
		E11720E819D8B1DD00B1FBBC /* TemplateIcon2x.png */ = {isa = PBXFileReference; lastKnownFileType = image.png; path = TemplateIcon2x.png; sourceTree = "<group>"; };
		E11720EB19D8B24300B1FBBC /* ProtectionsModel.h */ = {isa = PBXFileReference; lastKnownFileType = sourcecode.c.h; path = ProtectionsModel.h; sourceTree = "<group>"; };
		E11720EC19D8B30F00B1FBBC /* ProtectionsModel.m */ = {isa = PBXFileReference; fileEncoding = 4; lastKnownFileType = sourcecode.c.objc; path = ProtectionsModel.m; sourceTree = "<group>"; };
		E11720F119D8B4F500B1FBBC /* ProtectionGroupModel.h */ = {isa = PBXFileReference; lastKnownFileType = sourcecode.c.h; path = ProtectionGroupModel.h; sourceTree = "<group>"; };
		E11720F219D8B58D00B1FBBC /* ProtectionGroupModel.m */ = {isa = PBXFileReference; fileEncoding = 4; lastKnownFileType = sourcecode.c.objc; path = ProtectionGroupModel.m; sourceTree = "<group>"; };
		E11720F419D8BA3900B1FBBC /* ProtectionItemModel.h */ = {isa = PBXFileReference; lastKnownFileType = sourcecode.c.h; path = ProtectionItemModel.h; sourceTree = "<group>"; };
		E11720F519D8BB4700B1FBBC /* ProtectionItemModel.m */ = {isa = PBXFileReference; fileEncoding = 4; lastKnownFileType = sourcecode.c.objc; path = ProtectionItemModel.m; sourceTree = "<group>"; };
		E11720F719D8C4E900B1FBBC /* ProtectionModel.h */ = {isa = PBXFileReference; lastKnownFileType = sourcecode.c.h; path = ProtectionModel.h; sourceTree = "<group>"; };
		E11720F819D8C54500B1FBBC /* ProtectionModel.m */ = {isa = PBXFileReference; fileEncoding = 4; lastKnownFileType = sourcecode.c.objc; path = ProtectionModel.m; sourceTree = "<group>"; };
		E11720FA19DA025400B1FBBC /* MyProtectionsTableViewController.m */ = {isa = PBXFileReference; fileEncoding = 4; lastKnownFileType = sourcecode.c.objc; path = MyProtectionsTableViewController.m; sourceTree = "<group>"; };
		E11720FC19DA0AFE00B1FBBC /* MyProtectionCell.m */ = {isa = PBXFileReference; fileEncoding = 4; lastKnownFileType = sourcecode.c.objc; path = MyProtectionCell.m; sourceTree = "<group>"; };
		E11720FE19DC903D00B1FBBC /* MyProtectionDetailsViewController.h */ = {isa = PBXFileReference; lastKnownFileType = sourcecode.c.h; path = MyProtectionDetailsViewController.h; sourceTree = "<group>"; };
		E11720FF19DC906D00B1FBBC /* MyProtectionDetailsViewController.m */ = {isa = PBXFileReference; fileEncoding = 4; lastKnownFileType = sourcecode.c.objc; path = MyProtectionDetailsViewController.m; sourceTree = "<group>"; };
		E122CE3E19FB014B0052FE56 /* Reachability.h */ = {isa = PBXFileReference; fileEncoding = 4; lastKnownFileType = sourcecode.c.h; path = Reachability.h; sourceTree = "<group>"; };
		E122CE3F19FB014B0052FE56 /* Reachability.m */ = {isa = PBXFileReference; fileEncoding = 4; lastKnownFileType = sourcecode.c.objc; path = Reachability.m; sourceTree = "<group>"; };
		E122CE4119FB0E5F0052FE56 /* AHReach.h */ = {isa = PBXFileReference; fileEncoding = 4; lastKnownFileType = sourcecode.c.h; path = AHReach.h; sourceTree = "<group>"; };
		E122CE4219FB0E5F0052FE56 /* AHReach.m */ = {isa = PBXFileReference; fileEncoding = 4; lastKnownFileType = sourcecode.c.objc; path = AHReach.m; sourceTree = "<group>"; };
		E147B8BC19CEF1AF00896B94 /* Axa Glass.entitlements */ = {isa = PBXFileReference; lastKnownFileType = text.xml; path = "Axa Glass.entitlements"; sourceTree = "<group>"; };
		E15EE26319E4C4C500DE9344 /* Info-background-core@2x.png */ = {isa = PBXFileReference; lastKnownFileType = image.png; path = "Info-background-core@2x.png"; sourceTree = "<group>"; };
		E15EE26419E4C4C500DE9344 /* Info-background-small@2x.png */ = {isa = PBXFileReference; lastKnownFileType = image.png; path = "Info-background-small@2x.png"; sourceTree = "<group>"; };
		E1681AB919CB444200768E8D /* libPods-NSLogger.a */ = {isa = PBXFileReference; lastKnownFileType = archive.ar; name = "libPods-NSLogger.a"; path = "Pods/build/Debug-iphoneos/libPods-NSLogger.a"; sourceTree = "<group>"; };
		E1681AD719CB45DE00768E8D /* libPods.a */ = {isa = PBXFileReference; lastKnownFileType = archive.ar; name = libPods.a; path = "Pods/build/Debug-iphoneos/libPods.a"; sourceTree = "<group>"; };
/* End PBXFileReference section */

/* Begin PBXFrameworksBuildPhase section */
		15C795BC19C1D0CB0068B8F2 /* Frameworks */ = {
			isa = PBXFrameworksBuildPhase;
			buildActionMask = 2147483647;
			files = (
				15C795C519C1D0CB0068B8F2 /* CoreGraphics.framework in Frameworks */,
				15C795C719C1D0CB0068B8F2 /* UIKit.framework in Frameworks */,
				15C795C319C1D0CB0068B8F2 /* Foundation.framework in Frameworks */,
				E1681AD819CB45DE00768E8D /* libPods.a in Frameworks */,
			);
			runOnlyForDeploymentPostprocessing = 0;
		};
		15C795E019C1D0CB0068B8F2 /* Frameworks */ = {
			isa = PBXFrameworksBuildPhase;
			buildActionMask = 2147483647;
			files = (
				15C795E719C1D0CB0068B8F2 /* UIKit.framework in Frameworks */,
				15C795E619C1D0CB0068B8F2 /* Foundation.framework in Frameworks */,
			);
			runOnlyForDeploymentPostprocessing = 0;
		};
/* End PBXFrameworksBuildPhase section */

/* Begin PBXGroup section */
		151A406A19C74397002970C6 /* Font */ = {
			isa = PBXGroup;
			children = (
				151A406B19C74397002970C6 /* ITCFranklinGothicStd-Book.otf */,
				151A406C19C74397002970C6 /* ITCFranklinGothicStd-Demi.otf */,
				151A406D19C74397002970C6 /* ITCFranklinGothicStd-DmCd.otf */,
			);
			name = Font;
			path = Ressources/Font;
			sourceTree = SOURCE_ROOT;
		};
		151A407119C743CC002970C6 /* image-0 */ = {
			isa = PBXGroup;
			children = (
				151A407219C743CC002970C6 /* image-0.jpg */,
				151A407319C743CC002970C6 /* image-0.json */,
				151A407419C743CC002970C6 /* images-0-0.jpeg */,
				151A407519C743CC002970C6 /* images-0-1.jpeg */,
				151A407619C743CC002970C6 /* images-0-2.jpeg */,
				151A407719C743CC002970C6 /* images-0-3.jpeg */,
				151A407819C743CC002970C6 /* images-0-4.jpeg */,
				151A407919C743CC002970C6 /* images-0-5.jpeg */,
				151A407A19C743CC002970C6 /* images-0-6.jpeg */,
				151A407B19C743CC002970C6 /* images-0-7.jpeg */,
			);
			name = "image-0";
			path = "Ressources/image-0";
			sourceTree = SOURCE_ROOT;
		};
		151A407C19C743CC002970C6 /* image-1 */ = {
			isa = PBXGroup;
			children = (
				151A407D19C743CC002970C6 /* image-1.jpg */,
				151A407E19C743CC002970C6 /* image-1.json */,
				151A407F19C743CC002970C6 /* images-1-0.jpeg */,
				151A408019C743CC002970C6 /* images-1-1.jpeg */,
				151A408119C743CC002970C6 /* images-1-2.jpeg */,
				151A408219C743CC002970C6 /* images-1-3.jpeg */,
				151A408319C743CC002970C6 /* images-1-4.jpeg */,
				151A408419C743CC002970C6 /* images-1-5.jpeg */,
				151A408519C743CC002970C6 /* images-1-6.jpeg */,
				151A408619C743CC002970C6 /* images-1-7.jpeg */,
				151A408719C743CC002970C6 /* images-1-8.jpeg */,
				151A408819C743CC002970C6 /* images-1-9.jpeg */,
			);
			name = "image-1";
			path = "Ressources/image-1";
			sourceTree = SOURCE_ROOT;
		};
		151A408919C743CC002970C6 /* image-2 */ = {
			isa = PBXGroup;
			children = (
				151A408A19C743CC002970C6 /* image-2.jpg */,
				151A408B19C743CC002970C6 /* image-2.json */,
				151A408C19C743CC002970C6 /* images-2-0.jpeg */,
				151A408D19C743CC002970C6 /* images-2-1.jpeg */,
				151A408E19C743CC002970C6 /* images-2-2.jpeg */,
				151A408F19C743CC002970C6 /* images-2-3.jpeg */,
				151A409019C743CC002970C6 /* images-2-4.jpeg */,
				151A409119C743CC002970C6 /* images-2-5.jpeg */,
				151A409219C743CC002970C6 /* images-2-6.jpeg */,
				151A409319C743CC002970C6 /* images-2-7.jpeg */,
				151A409419C743CC002970C6 /* images-2-8.jpeg */,
				151A409519C743CC002970C6 /* images-2-9.jpeg */,
			);
			name = "image-2";
			path = "Ressources/image-2";
			sourceTree = SOURCE_ROOT;
		};
		151A409619C743CC002970C6 /* image-3 */ = {
			isa = PBXGroup;
			children = (
				151A409719C743CC002970C6 /* image-3.jpg */,
				151A409819C743CC002970C6 /* image-3.json */,
				151A409919C743CC002970C6 /* images-3-0.jpeg */,
				151A409A19C743CC002970C6 /* images-3-1.jpeg */,
				151A409B19C743CC002970C6 /* images-3-2.jpeg */,
				151A409C19C743CC002970C6 /* images-3-3.jpeg */,
				151A409D19C743CC002970C6 /* images-3-4.jpeg */,
				151A409E19C743CC002970C6 /* images-3-5.jpeg */,
				151A409F19C743CC002970C6 /* images-3-6.jpeg */,
				151A40A019C743CC002970C6 /* images-3-7.jpeg */,
				151A40A119C743CC002970C6 /* images-3-8.jpeg */,
				151A40A219C743CC002970C6 /* images-3-9.jpeg */,
			);
			name = "image-3";
			path = "Ressources/image-3";
			sourceTree = SOURCE_ROOT;
		};
		151A40A319C743CC002970C6 /* image-4 */ = {
			isa = PBXGroup;
			children = (
				151A40A419C743CC002970C6 /* image-4.jpg */,
				151A40A519C743CC002970C6 /* image-4.json */,
			);
			name = "image-4";
			path = "Ressources/image-4";
			sourceTree = SOURCE_ROOT;
		};
		151A40D819C746C2002970C6 /* My Consultant */ = {
			isa = PBXGroup;
			children = (
				151A40D919C746E5002970C6 /* MyConsultantViewController.h */,
				151A40DA19C746E5002970C6 /* MyConsultantViewController.m */,
			);
			name = "My Consultant";
			sourceTree = "<group>";
		};
		153E1E8219C3525D001A76E6 /* Home */ = {
			isa = PBXGroup;
			children = (
				15C795D719C1D0CB0068B8F2 /* HomeViewController.h */,
				15C795D819C1D0CB0068B8F2 /* HomeViewController.m */,
			);
			name = Home;
			sourceTree = "<group>";
		};
		153E1E8319C35262001A76E6 /* Chooser */ = {
			isa = PBXGroup;
			children = (
				15C795FA19C1D6E80068B8F2 /* ChooserViewController.h */,
				15C795FB19C1D6E80068B8F2 /* ChooserViewController.m */,
			);
			name = Chooser;
			sourceTree = "<group>";
		};
		153E1E8419C3526C001A76E6 /* Info */ = {
			isa = PBXGroup;
			children = (
				153E1E8519C352A7001A76E6 /* InformationViewController.h */,
				153E1E8619C352A7001A76E6 /* InformationViewController.m */,
			);
			name = Info;
			sourceTree = "<group>";
		};
		1547AA4B19C30B8000245389 /* Process */ = {
			isa = PBXGroup;
			children = (
				1588837519C2DF8900127E1A /* ImageResultController.h */,
				1588837619C2DF8900127E1A /* ImageResultController.m */,
				1588837819C2E0F700127E1A /* ResultImageCell.h */,
				1588837919C2E0F700127E1A /* ResultImageCell.m */,
			);
			name = Process;
			sourceTree = "<group>";
		};
		1547AA5419C31A5000245389 /* Insurence option */ = {
			isa = PBXGroup;
			children = (
				15C7962119C1E2B90068B8F2 /* ImageDetailViewController.h */,
				15C7962219C1E2B90068B8F2 /* ImageDetailViewController.m */,
				1547AA5519C31A8800245389 /* ProtectionCell.h */,
				1547AA5619C31A8800245389 /* ProtectionCell.m */,
				1510FBE819C8248700D81805 /* OptionCell.h */,
				1510FBE919C8248700D81805 /* OptionCell.m */,
			);
			name = "Insurence option";
			sourceTree = "<group>";
		};
		1588837B19C2E6A200127E1A /* Images */ = {
			isa = PBXGroup;
			children = (
				157B1BC419C88A180022E5BD /* LogoAxa60.png */,
				157B1BC219C886040022E5BD /* LoginBackgroundEmpty@2x.png */,
				157B1BBC19C885650022E5BD /* LoginSubscribeButton@2x.png */,
				157B1BBD19C885650022E5BD /* LoginButton@2x.png */,
				157B1BBE19C885650022E5BD /* Login_logo@2x.png */,
				157B1BB819C8823E0022E5BD /* LoginTop@2x.png */,
				157B1BB919C8823F0022E5BD /* LoginBackgroundWithoutTop@2x.png */,
				1510FBEB19C8414F00D81805 /* Home-last-items@2x.png */,
				1510FBEC19C8414F00D81805 /* my-watch-list@2x.png */,
				151A40DC19C74915002970C6 /* my-consultant@2x.png */,
				151A40D619C743ED002970C6 /* HomeAxa@2x.png */,
				151A407119C743CC002970C6 /* image-0 */,
				151A407C19C743CC002970C6 /* image-1 */,
				151A408919C743CC002970C6 /* image-2 */,
				151A409619C743CC002970C6 /* image-3 */,
				151A40A319C743CC002970C6 /* image-4 */,
				15A9067D19C643660068D0C4 /* SearchResults */,
				15A9068819C70DB30068D0C4 /* detail */,
				15A9069F19C711840068D0C4 /* info */,
				15A9068619C6F8700068D0C4 /* applepay@2x.png */,
				15A9068419C6EF930068D0C4 /* check@2x.png */,
				153E1E8A19C35C7A001A76E6 /* Photo@2x.png */,
				1588837E19C2E6EC00127E1A /* Background@2x.png */,
				1588838019C2F12E00127E1A /* 1-my-consultant@2x.png */,
				1547AA4C19C30CE100245389 /* elipse-category@2x.png */,
				1547AA4D19C30CE100245389 /* elipse-tag@2x.png */,
				1547AA4E19C30CE100245389 /* ellipse-price@2x.png */,
				1588838119C2F12E00127E1A /* 2-my-securities@2x.png */,
				1588838219C2F12E00127E1A /* 3-my-claims@2x.png */,
				1547AA3B19C3001B00245389 /* logo-axa-glass_marge@2x.png */,
				1588838319C2F12E00127E1A /* Boutton-report-item@2x.png */,
				1588838419C2F12E00127E1A /* Graph@2x.png */,
				1588838519C2F12E00127E1A /* logo-axa-glass@2x.png */,
				1588838619C2F12E00127E1A /* logo-axa@2x.png */,
			);
			name = Images;
			path = "Axa Glass/Images";
			sourceTree = SOURCE_ROOT;
		};
		15A9067D19C643660068D0C4 /* SearchResults */ = {
			isa = PBXGroup;
			children = (
				15A9068219C6CA280068D0C4 /* GlassCell@2x.png */,
				15A9068019C644300068D0C4 /* DisclosureBlue@2x.png */,
				15A9067E19C643660068D0C4 /* BackgroundSearchResults@2x.png */,
			);
			path = SearchResults;
			sourceTree = "<group>";
		};
		15A9068819C70DB30068D0C4 /* detail */ = {
			isa = PBXGroup;
			children = (
				15A9068C19C70DB30068D0C4 /* option-at-home@2x.png */,
				15A9068D19C70DB30068D0C4 /* option-check@2x.png */,
				15A9068E19C70DB30068D0C4 /* option-croix@2x.png */,
				15A9068F19C70DB30068D0C4 /* option-exclamation@2x.png */,
				15A9069019C70DB30068D0C4 /* option-in-the-car@2x.png */,
				15A9069119C70DB30068D0C4 /* option-info@2x.png */,
				15A9069219C70DB30068D0C4 /* option-outside@2x.png */,
				15A9069319C70DB30068D0C4 /* option-traveling@2x.png */,
			);
			path = detail;
			sourceTree = "<group>";
		};
		15A9069F19C711840068D0C4 /* info */ = {
			isa = PBXGroup;
			children = (
				E15EE26319E4C4C500DE9344 /* Info-background-core@2x.png */,
				E15EE26419E4C4C500DE9344 /* Info-background-small@2x.png */,
				15A906A019C711840068D0C4 /* Info-background@2x.png */,
				15A906A119C711840068D0C4 /* Info-croix@2x.png */,
				15A906A219C711840068D0C4 /* Info-done@2x.png */,
			);
			path = info;
			sourceTree = "<group>";
		};
		15C795B619C1D0CB0068B8F2 = {
			isa = PBXGroup;
			children = (
				15C795C819C1D0CB0068B8F2 /* Axa Glass */,
				15C795C119C1D0CB0068B8F2 /* Frameworks */,
				15C795C019C1D0CB0068B8F2 /* Products */,
				90D8EF492E9E4317BBFE257F /* Pods.xcconfig */,
			);
			sourceTree = "<group>";
		};
		15C795C019C1D0CB0068B8F2 /* Products */ = {
			isa = PBXGroup;
			children = (
				15C795BF19C1D0CB0068B8F2 /* Axa Glass.app */,
				15C795E319C1D0CB0068B8F2 /* Axa GlassTests.xctest */,
			);
			name = Products;
			sourceTree = "<group>";
		};
		15C795C119C1D0CB0068B8F2 /* Frameworks */ = {
			isa = PBXGroup;
			children = (
				E1681AD719CB45DE00768E8D /* libPods.a */,
				E1681AB919CB444200768E8D /* libPods-NSLogger.a */,
				15C795C219C1D0CB0068B8F2 /* Foundation.framework */,
				15C795C419C1D0CB0068B8F2 /* CoreGraphics.framework */,
				15C795C619C1D0CB0068B8F2 /* UIKit.framework */,
			);
			name = Frameworks;
			sourceTree = "<group>";
		};
		15C795C819C1D0CB0068B8F2 /* Axa Glass */ = {
			isa = PBXGroup;
			children = (
				E122CE3C19FB01010052FE56 /* Libraries */,
				E147B8BC19CEF1AF00896B94 /* Axa Glass.entitlements */,
				15C795FE19C1DD4A0068B8F2 /* Ressources */,
				15C795FD19C1DC290068B8F2 /* Model */,
				15C795D119C1D0CB0068B8F2 /* AppDelegate.h */,
				15C795D219C1D0CB0068B8F2 /* AppDelegate.m */,
				15C795D419C1D0CB0068B8F2 /* Main.storyboard */,
				15C7962019C1E2980068B8F2 /* Controllers */,
				15C795DD19C1D0CB0068B8F2 /* Images.xcassets */,
				15C795C919C1D0CB0068B8F2 /* Supporting Files */,
				1547AA4419C3070700245389 /* Const.h */,
			);
			path = "Axa Glass";
			sourceTree = "<group>";
		};
		15C795C919C1D0CB0068B8F2 /* Supporting Files */ = {
			isa = PBXGroup;
			children = (
				15C795CA19C1D0CB0068B8F2 /* Axa Glass-Info.plist */,
				15C795CB19C1D0CB0068B8F2 /* InfoPlist.strings */,
				15C795CE19C1D0CB0068B8F2 /* main.m */,
				15C795D019C1D0CB0068B8F2 /* Axa Glass-Prefix.pch */,
			);
			name = "Supporting Files";
			sourceTree = "<group>";
		};
		15C795FD19C1DC290068B8F2 /* Model */ = {
			isa = PBXGroup;
			children = (
				15C7961619C1DD860068B8F2 /* ImageModel.h */,
				15C7961719C1DD860068B8F2 /* ImageModel.m */,
				15C7961A19C1DFA10068B8F2 /* SimilarImage.h */,
				15C7961B19C1DFA10068B8F2 /* SimilarImage.m */,
				15C7961D19C1E0BC0068B8F2 /* ImagesModel.h */,
				15C7961E19C1E0BC0068B8F2 /* ImagesModel.m */,
				E11720F419D8BA3900B1FBBC /* ProtectionItemModel.h */,
				E11720F519D8BB4700B1FBBC /* ProtectionItemModel.m */,
				E11720F119D8B4F500B1FBBC /* ProtectionGroupModel.h */,
				E11720F219D8B58D00B1FBBC /* ProtectionGroupModel.m */,
				E11720F719D8C4E900B1FBBC /* ProtectionModel.h */,
				E11720F819D8C54500B1FBBC /* ProtectionModel.m */,
				E11720EB19D8B24300B1FBBC /* ProtectionsModel.h */,
				E11720EC19D8B30F00B1FBBC /* ProtectionsModel.m */,
			);
			name = Model;
			sourceTree = "<group>";
		};
		15C795FE19C1DD4A0068B8F2 /* Ressources */ = {
			isa = PBXGroup;
			children = (
				151A406A19C74397002970C6 /* Font */,
				1588837B19C2E6A200127E1A /* Images */,
				E11720E719D8B1DD00B1FBBC /* myprotections.json */,
				E11720E819D8B1DD00B1FBBC /* TemplateIcon2x.png */,
			);
			path = Ressources;
			sourceTree = "<group>";
		};
		15C7962019C1E2980068B8F2 /* Controllers */ = {
			isa = PBXGroup;
			children = (
				E11720E219D7091A00B1FBBC /* MyProtections */,
				151A40D819C746C2002970C6 /* My Consultant */,
				153E1E8219C3525D001A76E6 /* Home */,
				153E1E8319C35262001A76E6 /* Chooser */,
				1547AA4B19C30B8000245389 /* Process */,
				1547AA5419C31A5000245389 /* Insurence option */,
				153E1E8419C3526C001A76E6 /* Info */,
			);
			name = Controllers;
			sourceTree = "<group>";
		};
		E11720E219D7091A00B1FBBC /* MyProtections */ = {
			isa = PBXGroup;
			children = (
				E11720E519D712EC00B1FBBC /* MyProtectionsTableViewController.h */,
				E11720FA19DA025400B1FBBC /* MyProtectionsTableViewController.m */,
				E11720E619D8A02500B1FBBC /* MyProtectionCell.h */,
				E11720FC19DA0AFE00B1FBBC /* MyProtectionCell.m */,
				E11720FE19DC903D00B1FBBC /* MyProtectionDetailsViewController.h */,
				E11720FF19DC906D00B1FBBC /* MyProtectionDetailsViewController.m */,
			);
			name = MyProtections;
			sourceTree = "<group>";
		};
		E122CE3C19FB01010052FE56 /* Libraries */ = {
			isa = PBXGroup;
			children = (
				E122CE3D19FB010A0052FE56 /* Reachability */,
			);
			name = Libraries;
			sourceTree = "<group>";
		};
		E122CE3D19FB010A0052FE56 /* Reachability */ = {
			isa = PBXGroup;
			children = (
				E122CE3E19FB014B0052FE56 /* Reachability.h */,
				E122CE3F19FB014B0052FE56 /* Reachability.m */,
				E122CE4119FB0E5F0052FE56 /* AHReach.h */,
				E122CE4219FB0E5F0052FE56 /* AHReach.m */,
			);
			name = Reachability;
			sourceTree = "<group>";
		};
/* End PBXGroup section */

/* Begin PBXNativeTarget section */
		15C795BE19C1D0CB0068B8F2 /* Axa Glass */ = {
			isa = PBXNativeTarget;
			buildConfigurationList = 15C795F419C1D0CB0068B8F2 /* Build configuration list for PBXNativeTarget "Axa Glass" */;
			buildPhases = (
				132CE5BE3F5C4516AF1DFE9F /* Check Pods Manifest.lock */,
				15C795BB19C1D0CB0068B8F2 /* Sources */,
				15C795BC19C1D0CB0068B8F2 /* Frameworks */,
				15C795BD19C1D0CB0068B8F2 /* Resources */,
				FD5DEF1F85E54FBB83AC5A95 /* Copy Pods Resources */,
			);
			buildRules = (
			);
			dependencies = (
			);
			name = "Axa Glass";
			productName = "Axa Glass";
			productReference = 15C795BF19C1D0CB0068B8F2 /* Axa Glass.app */;
			productType = "com.apple.product-type.application";
		};
		15C795E219C1D0CB0068B8F2 /* Axa GlassTests */ = {
			isa = PBXNativeTarget;
			buildConfigurationList = 15C795F719C1D0CB0068B8F2 /* Build configuration list for PBXNativeTarget "Axa GlassTests" */;
			buildPhases = (
				15C795DF19C1D0CB0068B8F2 /* Sources */,
				15C795E019C1D0CB0068B8F2 /* Frameworks */,
				15C795E119C1D0CB0068B8F2 /* Resources */,
			);
			buildRules = (
			);
			dependencies = (
				15C795E919C1D0CB0068B8F2 /* PBXTargetDependency */,
			);
			name = "Axa GlassTests";
			productName = "Axa GlassTests";
			productReference = 15C795E319C1D0CB0068B8F2 /* Axa GlassTests.xctest */;
			productType = "com.apple.product-type.bundle.unit-test";
		};
/* End PBXNativeTarget section */

/* Begin PBXProject section */
		15C795B719C1D0CB0068B8F2 /* Project object */ = {
			isa = PBXProject;
			attributes = {
				LastUpgradeCheck = 0510;
				ORGANIZATIONNAME = Axa;
				TargetAttributes = {
					15C795BE19C1D0CB0068B8F2 = {
						DevelopmentTeam = W3U24WE3R3;
						SystemCapabilities = {
							com.apple.OMC = {
								enabled = 0;
							};
						};
					};
					15C795E219C1D0CB0068B8F2 = {
						DevelopmentTeam = W3U24WE3R3;
						TestTargetID = 15C795BE19C1D0CB0068B8F2;
					};
				};
			};
			buildConfigurationList = 15C795BA19C1D0CB0068B8F2 /* Build configuration list for PBXProject "Axa Glass" */;
			compatibilityVersion = "Xcode 3.2";
			developmentRegion = English;
			hasScannedForEncodings = 0;
			knownRegions = (
				en,
				Base,
			);
			mainGroup = 15C795B619C1D0CB0068B8F2;
			productRefGroup = 15C795C019C1D0CB0068B8F2 /* Products */;
			projectDirPath = "";
			projectRoot = "";
			targets = (
				15C795BE19C1D0CB0068B8F2 /* Axa Glass */,
				15C795E219C1D0CB0068B8F2 /* Axa GlassTests */,
			);
		};
/* End PBXProject section */

/* Begin PBXResourcesBuildPhase section */
		15C795BD19C1D0CB0068B8F2 /* Resources */ = {
			isa = PBXResourcesBuildPhase;
			buildActionMask = 2147483647;
			files = (
				151A406E19C74397002970C6 /* ITCFranklinGothicStd-Book.otf in Resources */,
				151A40C419C743CC002970C6 /* images-2-6.jpeg in Resources */,
				151A40CF19C743CC002970C6 /* images-3-5.jpeg in Resources */,
				151A40C319C743CC002970C6 /* images-2-5.jpeg in Resources */,
				151A40BF19C743CC002970C6 /* images-2-1.jpeg in Resources */,
				151A40DD19C74915002970C6 /* my-consultant@2x.png in Resources */,
				151A40D319C743CC002970C6 /* images-3-9.jpeg in Resources */,
				151A40BE19C743CC002970C6 /* images-2-0.jpeg in Resources */,
				151A40CB19C743CC002970C6 /* images-3-1.jpeg in Resources */,
				1588838D19C2F12E00127E1A /* logo-axa@2x.png in Resources */,
				15A9069D19C70DB30068D0C4 /* option-outside@2x.png in Resources */,
				1588837F19C2E6EC00127E1A /* Background@2x.png in Resources */,
				151A406F19C74397002970C6 /* ITCFranklinGothicStd-Demi.otf in Resources */,
				151A40B119C743CC002970C6 /* image-1.json in Resources */,
				151A40B319C743CC002970C6 /* images-1-1.jpeg in Resources */,
				157B1BC519C88A180022E5BD /* LogoAxa60.png in Resources */,
				E15EE26519E4C4C500DE9344 /* Info-background-core@2x.png in Resources */,
				15A9069819C70DB30068D0C4 /* option-check@2x.png in Resources */,
				151A40BD19C743CC002970C6 /* image-2.json in Resources */,
				151A40B619C743CC002970C6 /* images-1-4.jpeg in Resources */,
				151A40CA19C743CC002970C6 /* images-3-0.jpeg in Resources */,
				E11720EA19D8B1DD00B1FBBC /* TemplateIcon2x.png in Resources */,
				151A407019C74397002970C6 /* ITCFranklinGothicStd-DmCd.otf in Resources */,
				151A40AB19C743CC002970C6 /* images-0-3.jpeg in Resources */,
				15A9069E19C70DB30068D0C4 /* option-traveling@2x.png in Resources */,
				151A40D019C743CC002970C6 /* images-3-6.jpeg in Resources */,
				151A40A919C743CC002970C6 /* images-0-1.jpeg in Resources */,
				157B1BC319C886040022E5BD /* LoginBackgroundEmpty@2x.png in Resources */,
				157B1BBB19C8823F0022E5BD /* LoginBackgroundWithoutTop@2x.png in Resources */,
				157B1BBA19C8823F0022E5BD /* LoginTop@2x.png in Resources */,
				15C795DE19C1D0CB0068B8F2 /* Images.xcassets in Resources */,
				151A40B019C743CC002970C6 /* image-1.jpg in Resources */,
				151A40AF19C743CC002970C6 /* images-0-7.jpeg in Resources */,
				151A40CD19C743CC002970C6 /* images-3-3.jpeg in Resources */,
				15A906A319C711840068D0C4 /* Info-background@2x.png in Resources */,
				1588838C19C2F12E00127E1A /* logo-axa-glass@2x.png in Resources */,
				1510FBED19C8414F00D81805 /* Home-last-items@2x.png in Resources */,
				15A9069C19C70DB30068D0C4 /* option-info@2x.png in Resources */,
				1547AA4F19C30CE100245389 /* elipse-category@2x.png in Resources */,
				151A40C019C743CC002970C6 /* images-2-2.jpeg in Resources */,
				151A40BC19C743CC002970C6 /* image-2.jpg in Resources */,
				151A40C219C743CC002970C6 /* images-2-4.jpeg in Resources */,
				151A40BA19C743CC002970C6 /* images-1-8.jpeg in Resources */,
				151A40C619C743CC002970C6 /* images-2-8.jpeg in Resources */,
				151A40A719C743CC002970C6 /* image-0.json in Resources */,
				1547AA5119C30CE100245389 /* ellipse-price@2x.png in Resources */,
				151A40AC19C743CC002970C6 /* images-0-4.jpeg in Resources */,
				15A9069919C70DB30068D0C4 /* option-croix@2x.png in Resources */,
				151A40B819C743CC002970C6 /* images-1-6.jpeg in Resources */,
				151A40AD19C743CC002970C6 /* images-0-5.jpeg in Resources */,
				151A40D119C743CC002970C6 /* images-3-7.jpeg in Resources */,
				1588838819C2F12E00127E1A /* 2-my-securities@2x.png in Resources */,
				151A40AE19C743CC002970C6 /* images-0-6.jpeg in Resources */,
				1588838B19C2F12E00127E1A /* Graph@2x.png in Resources */,
				15A9068519C6EF930068D0C4 /* check@2x.png in Resources */,
				157B1BC119C885650022E5BD /* Login_logo@2x.png in Resources */,
				15C795CD19C1D0CB0068B8F2 /* InfoPlist.strings in Resources */,
				151A40B719C743CC002970C6 /* images-1-5.jpeg in Resources */,
				151A40AA19C743CC002970C6 /* images-0-2.jpeg in Resources */,
				15A9069B19C70DB30068D0C4 /* option-in-the-car@2x.png in Resources */,
				151A40CC19C743CC002970C6 /* images-3-2.jpeg in Resources */,
				153E1E8B19C35C7A001A76E6 /* Photo@2x.png in Resources */,
				15A9067F19C643660068D0C4 /* BackgroundSearchResults@2x.png in Resources */,
				15A9068319C6CA280068D0C4 /* GlassCell@2x.png in Resources */,
				151A40B419C743CC002970C6 /* images-1-2.jpeg in Resources */,
				15A906A419C711840068D0C4 /* Info-croix@2x.png in Resources */,
				151A40B519C743CC002970C6 /* images-1-3.jpeg in Resources */,
				151A40C119C743CC002970C6 /* images-2-3.jpeg in Resources */,
				15C795D619C1D0CB0068B8F2 /* Main.storyboard in Resources */,
				151A40C919C743CC002970C6 /* image-3.json in Resources */,
				151A40C719C743CC002970C6 /* images-2-9.jpeg in Resources */,
				151A40C819C743CC002970C6 /* image-3.jpg in Resources */,
				15A9069719C70DB30068D0C4 /* option-at-home@2x.png in Resources */,
				151A40B219C743CC002970C6 /* images-1-0.jpeg in Resources */,
				151A40A619C743CC002970C6 /* image-0.jpg in Resources */,
				157B1BC019C885650022E5BD /* LoginButton@2x.png in Resources */,
				151A40B919C743CC002970C6 /* images-1-7.jpeg in Resources */,
				15A9068719C6F8700068D0C4 /* applepay@2x.png in Resources */,
				15A9069A19C70DB30068D0C4 /* option-exclamation@2x.png in Resources */,
				151A40C519C743CC002970C6 /* images-2-7.jpeg in Resources */,
				151A40D419C743CC002970C6 /* image-4.jpg in Resources */,
				151A40BB19C743CC002970C6 /* images-1-9.jpeg in Resources */,
				1547AA5019C30CE100245389 /* elipse-tag@2x.png in Resources */,
				1510FBEE19C8414F00D81805 /* my-watch-list@2x.png in Resources */,
				15A9068119C644300068D0C4 /* DisclosureBlue@2x.png in Resources */,
				151A40D719C743ED002970C6 /* HomeAxa@2x.png in Resources */,
				1547AA3C19C3001B00245389 /* logo-axa-glass_marge@2x.png in Resources */,
				157B1BBF19C885650022E5BD /* LoginSubscribeButton@2x.png in Resources */,
				151A40CE19C743CC002970C6 /* images-3-4.jpeg in Resources */,
				1588838A19C2F12E00127E1A /* Boutton-report-item@2x.png in Resources */,
				151A40D519C743CC002970C6 /* image-4.json in Resources */,
				1588838719C2F12E00127E1A /* 1-my-consultant@2x.png in Resources */,
				E11720E919D8B1DD00B1FBBC /* myprotections.json in Resources */,
				151A40A819C743CC002970C6 /* images-0-0.jpeg in Resources */,
				15A906A519C711840068D0C4 /* Info-done@2x.png in Resources */,
				151A40D219C743CC002970C6 /* images-3-8.jpeg in Resources */,
				E15EE26619E4C4C500DE9344 /* Info-background-small@2x.png in Resources */,
				1588838919C2F12E00127E1A /* 3-my-claims@2x.png in Resources */,
			);
			runOnlyForDeploymentPostprocessing = 0;
		};
		15C795E119C1D0CB0068B8F2 /* Resources */ = {
			isa = PBXResourcesBuildPhase;
			buildActionMask = 2147483647;
			files = (
			);
			runOnlyForDeploymentPostprocessing = 0;
		};
/* End PBXResourcesBuildPhase section */

/* Begin PBXShellScriptBuildPhase section */
		132CE5BE3F5C4516AF1DFE9F /* Check Pods Manifest.lock */ = {
			isa = PBXShellScriptBuildPhase;
			buildActionMask = 2147483647;
			files = (
			);
			inputPaths = (
			);
			name = "Check Pods Manifest.lock";
			outputPaths = (
			);
			runOnlyForDeploymentPostprocessing = 0;
			shellPath = /bin/sh;
			shellScript = "diff \"${PODS_ROOT}/../Podfile.lock\" \"${PODS_ROOT}/Manifest.lock\" > /dev/null\nif [[ $? != 0 ]] ; then\n    cat << EOM\nerror: The sandbox is not in sync with the Podfile.lock. Run 'pod install' or update your CocoaPods installation.\nEOM\n    exit 1\nfi\n";
			showEnvVarsInLog = 0;
		};
		FD5DEF1F85E54FBB83AC5A95 /* Copy Pods Resources */ = {
			isa = PBXShellScriptBuildPhase;
			buildActionMask = 2147483647;
			files = (
			);
			inputPaths = (
			);
			name = "Copy Pods Resources";
			outputPaths = (
			);
			runOnlyForDeploymentPostprocessing = 0;
			shellPath = /bin/sh;
			shellScript = "\"${SRCROOT}/Pods/Pods-resources.sh\"\n";
			showEnvVarsInLog = 0;
		};
/* End PBXShellScriptBuildPhase section */

/* Begin PBXSourcesBuildPhase section */
		15C795BB19C1D0CB0068B8F2 /* Sources */ = {
			isa = PBXSourcesBuildPhase;
			buildActionMask = 2147483647;
			files = (
				1588837A19C2E0F700127E1A /* ResultImageCell.m in Sources */,
				1588837719C2DF8900127E1A /* ImageResultController.m in Sources */,
				E11720F619D8BB4700B1FBBC /* ProtectionItemModel.m in Sources */,
				15C7961F19C1E0BC0068B8F2 /* ImagesModel.m in Sources */,
				153E1E8719C352A7001A76E6 /* InformationViewController.m in Sources */,
				15C7961819C1DD860068B8F2 /* ImageModel.m in Sources */,
				15C795FC19C1D6E80068B8F2 /* ChooserViewController.m in Sources */,
				E11720F319D8B58D00B1FBBC /* ProtectionGroupModel.m in Sources */,
				E117210019DC906D00B1FBBC /* MyProtectionDetailsViewController.m in Sources */,
				E11720F919D8C54500B1FBBC /* ProtectionModel.m in Sources */,
				1510FBEA19C8248700D81805 /* OptionCell.m in Sources */,
				1547AA5719C31A8800245389 /* ProtectionCell.m in Sources */,
				E11720FB19DA025400B1FBBC /* MyProtectionsTableViewController.m in Sources */,
				15C7962319C1E2B90068B8F2 /* ImageDetailViewController.m in Sources */,
				E122CE4019FB014B0052FE56 /* Reachability.m in Sources */,
				15C795D319C1D0CB0068B8F2 /* AppDelegate.m in Sources */,
				15C795D919C1D0CB0068B8F2 /* HomeViewController.m in Sources */,
				E11720EE19D8B30F00B1FBBC /* ProtectionsModel.m in Sources */,
				15C795CF19C1D0CB0068B8F2 /* main.m in Sources */,
				151A40DB19C746E5002970C6 /* MyConsultantViewController.m in Sources */,
				E122CE4319FB0E5F0052FE56 /* AHReach.m in Sources */,
				E11720FD19DA0AFE00B1FBBC /* MyProtectionCell.m in Sources */,
				15C7961C19C1DFA10068B8F2 /* SimilarImage.m in Sources */,
			);
			runOnlyForDeploymentPostprocessing = 0;
		};
		15C795DF19C1D0CB0068B8F2 /* Sources */ = {
			isa = PBXSourcesBuildPhase;
			buildActionMask = 2147483647;
			files = (
			);
			runOnlyForDeploymentPostprocessing = 0;
		};
/* End PBXSourcesBuildPhase section */

/* Begin PBXTargetDependency section */
		15C795E919C1D0CB0068B8F2 /* PBXTargetDependency */ = {
			isa = PBXTargetDependency;
			target = 15C795BE19C1D0CB0068B8F2 /* Axa Glass */;
			targetProxy = 15C795E819C1D0CB0068B8F2 /* PBXContainerItemProxy */;
		};
/* End PBXTargetDependency section */

/* Begin PBXVariantGroup section */
		15C795CB19C1D0CB0068B8F2 /* InfoPlist.strings */ = {
			isa = PBXVariantGroup;
			children = (
				15C795CC19C1D0CB0068B8F2 /* en */,
			);
			name = InfoPlist.strings;
			sourceTree = "<group>";
		};
		15C795D419C1D0CB0068B8F2 /* Main.storyboard */ = {
			isa = PBXVariantGroup;
			children = (
				15C795D519C1D0CB0068B8F2 /* Base */,
			);
			name = Main.storyboard;
			sourceTree = "<group>";
		};
/* End PBXVariantGroup section */

/* Begin XCBuildConfiguration section */
		15C795F219C1D0CB0068B8F2 /* Debug */ = {
			isa = XCBuildConfiguration;
			buildSettings = {
				ALWAYS_SEARCH_USER_PATHS = NO;
				CLANG_CXX_LANGUAGE_STANDARD = "gnu++0x";
				CLANG_CXX_LIBRARY = "libc++";
				CLANG_ENABLE_MODULES = YES;
				CLANG_ENABLE_OBJC_ARC = YES;
				CLANG_WARN_BOOL_CONVERSION = YES;
				CLANG_WARN_CONSTANT_CONVERSION = YES;
				CLANG_WARN_DIRECT_OBJC_ISA_USAGE = YES_ERROR;
				CLANG_WARN_EMPTY_BODY = YES;
				CLANG_WARN_ENUM_CONVERSION = YES;
				CLANG_WARN_INT_CONVERSION = YES;
				CLANG_WARN_OBJC_ROOT_CLASS = YES_ERROR;
				CLANG_WARN__DUPLICATE_METHOD_MATCH = YES;
				CODE_SIGN_IDENTITY = "iPhone Developer";
				COPY_PHASE_STRIP = NO;
				GCC_C_LANGUAGE_STANDARD = gnu99;
				GCC_DYNAMIC_NO_PIC = NO;
				GCC_OPTIMIZATION_LEVEL = 0;
				GCC_PREPROCESSOR_DEFINITIONS = (
					"DEBUG=1",
					"$(inherited)",
				);
				GCC_SYMBOLS_PRIVATE_EXTERN = NO;
				GCC_WARN_64_TO_32_BIT_CONVERSION = YES;
				GCC_WARN_ABOUT_RETURN_TYPE = YES_ERROR;
				GCC_WARN_UNDECLARED_SELECTOR = YES;
				GCC_WARN_UNINITIALIZED_AUTOS = YES_AGGRESSIVE;
				GCC_WARN_UNUSED_FUNCTION = YES;
				GCC_WARN_UNUSED_VARIABLE = YES;
				IPHONEOS_DEPLOYMENT_TARGET = 7.1;
				ONLY_ACTIVE_ARCH = YES;
				PROVISIONING_PROFILE = "86B51F12-DE83-47B6-92C8-88B65E233007";
				SDKROOT = iphoneos;
			};
			name = Debug;
		};
		15C795F319C1D0CB0068B8F2 /* Release */ = {
			isa = XCBuildConfiguration;
			buildSettings = {
				ALWAYS_SEARCH_USER_PATHS = NO;
				CLANG_CXX_LANGUAGE_STANDARD = "gnu++0x";
				CLANG_CXX_LIBRARY = "libc++";
				CLANG_ENABLE_MODULES = YES;
				CLANG_ENABLE_OBJC_ARC = YES;
				CLANG_WARN_BOOL_CONVERSION = YES;
				CLANG_WARN_CONSTANT_CONVERSION = YES;
				CLANG_WARN_DIRECT_OBJC_ISA_USAGE = YES_ERROR;
				CLANG_WARN_EMPTY_BODY = YES;
				CLANG_WARN_ENUM_CONVERSION = YES;
				CLANG_WARN_INT_CONVERSION = YES;
				CLANG_WARN_OBJC_ROOT_CLASS = YES_ERROR;
				CLANG_WARN__DUPLICATE_METHOD_MATCH = YES;
				CODE_SIGN_IDENTITY = "iPhone Developer";
				COPY_PHASE_STRIP = YES;
				ENABLE_NS_ASSERTIONS = NO;
				GCC_C_LANGUAGE_STANDARD = gnu99;
				GCC_WARN_64_TO_32_BIT_CONVERSION = YES;
				GCC_WARN_ABOUT_RETURN_TYPE = YES_ERROR;
				GCC_WARN_UNDECLARED_SELECTOR = YES;
				GCC_WARN_UNINITIALIZED_AUTOS = YES_AGGRESSIVE;
				GCC_WARN_UNUSED_FUNCTION = YES;
				GCC_WARN_UNUSED_VARIABLE = YES;
				IPHONEOS_DEPLOYMENT_TARGET = 7.1;
				PROVISIONING_PROFILE = "86B51F12-DE83-47B6-92C8-88B65E233007";
				SDKROOT = iphoneos;
				VALIDATE_PRODUCT = YES;
			};
			name = Release;
		};
		15C795F519C1D0CB0068B8F2 /* Debug */ = {
			isa = XCBuildConfiguration;
			baseConfigurationReference = 90D8EF492E9E4317BBFE257F /* Pods.xcconfig */;
			buildSettings = {
				ASSETCATALOG_COMPILER_APPICON_NAME = AppIcon;
				ASSETCATALOG_COMPILER_LAUNCHIMAGE_NAME = LaunchImage;
				CODE_SIGN_ENTITLEMENTS = "Axa Glass/Axa Glass.entitlements";
				CODE_SIGN_IDENTITY = "iPhone Developer";
				"CODE_SIGN_IDENTITY[sdk=iphoneos*]" = "iPhone Developer";
				DEBUG_INFORMATION_FORMAT = dwarf;
				GCC_PRECOMPILE_PREFIX_HEADER = YES;
				GCC_PREFIX_HEADER = "Axa Glass/Axa Glass-Prefix.pch";
				INFOPLIST_FILE = "Axa Glass/Axa Glass-Info.plist";
				IPHONEOS_DEPLOYMENT_TARGET = 7.1;
				LIBRARY_SEARCH_PATHS = (
					"$(inherited)",
					"$(PROJECT_DIR)/Pods/build/Debug-iphoneos",
					"$(PROJECT_DIR)/Pods/build/Release-iphoneos",
				);
				PRODUCT_NAME = "$(TARGET_NAME)";
				PROVISIONING_PROFILE = "";
				SDKROOT = iphoneos;
				TARGETED_DEVICE_FAMILY = 1;
				VALIDATE_PRODUCT = NO;
				WRAPPER_EXTENSION = app;
			};
			name = Debug;
		};
		15C795F619C1D0CB0068B8F2 /* Release */ = {
			isa = XCBuildConfiguration;
			baseConfigurationReference = 90D8EF492E9E4317BBFE257F /* Pods.xcconfig */;
			buildSettings = {
				ASSETCATALOG_COMPILER_APPICON_NAME = AppIcon;
				ASSETCATALOG_COMPILER_LAUNCHIMAGE_NAME = LaunchImage;
				CODE_SIGN_ENTITLEMENTS = "Axa Glass/Axa Glass.entitlements";
				CODE_SIGN_IDENTITY = "iPhone Developer";
				"CODE_SIGN_IDENTITY[sdk=iphoneos*]" = "iPhone Developer";
				DEBUG_INFORMATION_FORMAT = "dwarf-with-dsym";
				GCC_PRECOMPILE_PREFIX_HEADER = YES;
				GCC_PREFIX_HEADER = "Axa Glass/Axa Glass-Prefix.pch";
				INFOPLIST_FILE = "Axa Glass/Axa Glass-Info.plist";
				IPHONEOS_DEPLOYMENT_TARGET = 7.1;
				LIBRARY_SEARCH_PATHS = (
					"$(inherited)",
					"$(PROJECT_DIR)/Pods/build/Debug-iphoneos",
					"$(PROJECT_DIR)/Pods/build/Release-iphoneos",
				);
				PRODUCT_NAME = "$(TARGET_NAME)";
				PROVISIONING_PROFILE = "";
				SDKROOT = iphoneos;
				TARGETED_DEVICE_FAMILY = 1;
				WRAPPER_EXTENSION = app;
			};
			name = Release;
		};
		15C795F819C1D0CB0068B8F2 /* Debug */ = {
			isa = XCBuildConfiguration;
			buildSettings = {
				BUNDLE_LOADER = "$(BUILT_PRODUCTS_DIR)/Axa Glass.app/Axa Glass";
				CODE_SIGN_IDENTITY = "iPhone Developer";
				"CODE_SIGN_IDENTITY[sdk=iphoneos*]" = "iPhone Developer";
				FRAMEWORK_SEARCH_PATHS = (
					"$(SDKROOT)/Developer/Library/Frameworks",
					"$(inherited)",
					"$(DEVELOPER_FRAMEWORKS_DIR)",
				);
				GCC_PRECOMPILE_PREFIX_HEADER = YES;
				GCC_PREFIX_HEADER = "Axa Glass/Axa Glass-Prefix.pch";
				GCC_PREPROCESSOR_DEFINITIONS = (
					"DEBUG=1",
					"$(inherited)",
				);
				INFOPLIST_FILE = "Axa GlassTests/Axa GlassTests-Info.plist";
				PRODUCT_NAME = "$(TARGET_NAME)";
				PROVISIONING_PROFILE = "";
				TEST_HOST = "$(BUNDLE_LOADER)";
				WRAPPER_EXTENSION = xctest;
			};
			name = Debug;
		};
		15C795F919C1D0CB0068B8F2 /* Release */ = {
			isa = XCBuildConfiguration;
			buildSettings = {
				BUNDLE_LOADER = "$(BUILT_PRODUCTS_DIR)/Axa Glass.app/Axa Glass";
				CODE_SIGN_IDENTITY = "iPhone Developer";
				"CODE_SIGN_IDENTITY[sdk=iphoneos*]" = "iPhone Developer";
				FRAMEWORK_SEARCH_PATHS = (
					"$(SDKROOT)/Developer/Library/Frameworks",
					"$(inherited)",
					"$(DEVELOPER_FRAMEWORKS_DIR)",
				);
				GCC_PRECOMPILE_PREFIX_HEADER = YES;
				GCC_PREFIX_HEADER = "Axa Glass/Axa Glass-Prefix.pch";
				INFOPLIST_FILE = "Axa GlassTests/Axa GlassTests-Info.plist";
				PRODUCT_NAME = "$(TARGET_NAME)";
				PROVISIONING_PROFILE = "";
				TEST_HOST = "$(BUNDLE_LOADER)";
				WRAPPER_EXTENSION = xctest;
			};
			name = Release;
		};
/* End XCBuildConfiguration section */

/* Begin XCConfigurationList section */
		15C795BA19C1D0CB0068B8F2 /* Build configuration list for PBXProject "Axa Glass" */ = {
			isa = XCConfigurationList;
			buildConfigurations = (
				15C795F219C1D0CB0068B8F2 /* Debug */,
				15C795F319C1D0CB0068B8F2 /* Release */,
			);
			defaultConfigurationIsVisible = 0;
			defaultConfigurationName = Release;
		};
		15C795F419C1D0CB0068B8F2 /* Build configuration list for PBXNativeTarget "Axa Glass" */ = {
			isa = XCConfigurationList;
			buildConfigurations = (
				15C795F519C1D0CB0068B8F2 /* Debug */,
				15C795F619C1D0CB0068B8F2 /* Release */,
			);
			defaultConfigurationIsVisible = 0;
			defaultConfigurationName = Release;
		};
		15C795F719C1D0CB0068B8F2 /* Build configuration list for PBXNativeTarget "Axa GlassTests" */ = {
			isa = XCConfigurationList;
			buildConfigurations = (
				15C795F819C1D0CB0068B8F2 /* Debug */,
				15C795F919C1D0CB0068B8F2 /* Release */,
			);
			defaultConfigurationIsVisible = 0;
			defaultConfigurationName = Release;
		};
/* End XCConfigurationList section */
	};
	rootObject = 15C795B719C1D0CB0068B8F2 /* Project object */;
}
