// !$*UTF8*$!
{
	archiveVersion = 1;
	classes = {
	};
	objectVersion = 46;
	objects = {

/* Begin PBXBuildFile section */
		153E1E7919C332FD001A76E6 /* info1@2x.png in Resources */ = {isa = PBXBuildFile; fileRef = 153E1E7219C332FD001A76E6 /* info1@2x.png */; };
		153E1E7A19C332FD001A76E6 /* info2-get-now@2x.png in Resources */ = {isa = PBXBuildFile; fileRef = 153E1E7319C332FD001A76E6 /* info2-get-now@2x.png */; };
		153E1E7B19C332FD001A76E6 /* info3-viewconditions@2x.png in Resources */ = {isa = PBXBuildFile; fileRef = 153E1E7419C332FD001A76E6 /* info3-viewconditions@2x.png */; };
		153E1E7C19C332FD001A76E6 /* option-at-home@2x.png in Resources */ = {isa = PBXBuildFile; fileRef = 153E1E7519C332FD001A76E6 /* option-at-home@2x.png */; };
		153E1E7D19C332FD001A76E6 /* option-in-the-car@2x.png in Resources */ = {isa = PBXBuildFile; fileRef = 153E1E7619C332FD001A76E6 /* option-in-the-car@2x.png */; };
		153E1E7E19C332FD001A76E6 /* option-outside@2x.psd in Resources */ = {isa = PBXBuildFile; fileRef = 153E1E7719C332FD001A76E6 /* option-outside@2x.psd */; };
		153E1E7F19C332FD001A76E6 /* option-traveling@2x.png in Resources */ = {isa = PBXBuildFile; fileRef = 153E1E7819C332FD001A76E6 /* option-traveling@2x.png */; };
		153E1E8119C339BC001A76E6 /* barre@2x.png in Resources */ = {isa = PBXBuildFile; fileRef = 153E1E8019C339BC001A76E6 /* barre@2x.png */; };
		1547AA3C19C3001B00245389 /* logo-axa-glass_marge@2x.png in Resources */ = {isa = PBXBuildFile; fileRef = 1547AA3B19C3001B00245389 /* logo-axa-glass_marge@2x.png */; };
		1547AA4819C309F800245389 /* ITCFranklinGothicStd-Book.otf in Resources */ = {isa = PBXBuildFile; fileRef = 1547AA4519C309F500245389 /* ITCFranklinGothicStd-Book.otf */; };
		1547AA4919C309F800245389 /* ITCFranklinGothicStd-Demi.otf in Resources */ = {isa = PBXBuildFile; fileRef = 1547AA4619C309F500245389 /* ITCFranklinGothicStd-Demi.otf */; };
		1547AA4A19C309F800245389 /* ITCFranklinGothicStd-DmCd.otf in Resources */ = {isa = PBXBuildFile; fileRef = 1547AA4719C309F500245389 /* ITCFranklinGothicStd-DmCd.otf */; };
		1547AA4F19C30CE100245389 /* elipse-category@2x.png in Resources */ = {isa = PBXBuildFile; fileRef = 1547AA4C19C30CE100245389 /* elipse-category@2x.png */; };
		1547AA5019C30CE100245389 /* elipse-tag@2x.png in Resources */ = {isa = PBXBuildFile; fileRef = 1547AA4D19C30CE100245389 /* elipse-tag@2x.png */; };
		1547AA5119C30CE100245389 /* ellipse-price@2x.png in Resources */ = {isa = PBXBuildFile; fileRef = 1547AA4E19C30CE100245389 /* ellipse-price@2x.png */; };
		1547AA5319C30D0B00245389 /* ellipse-price@2x.png in Resources */ = {isa = PBXBuildFile; fileRef = 1547AA5219C30D0B00245389 /* ellipse-price@2x.png */; };
		1547AA5719C31A8800245389 /* InsurenceOptionCell.m in Sources */ = {isa = PBXBuildFile; fileRef = 1547AA5619C31A8800245389 /* InsurenceOptionCell.m */; };
		1588837719C2DF8900127E1A /* ImageResultController.m in Sources */ = {isa = PBXBuildFile; fileRef = 1588837619C2DF8900127E1A /* ImageResultController.m */; };
		1588837A19C2E0F700127E1A /* ResultImageCell.m in Sources */ = {isa = PBXBuildFile; fileRef = 1588837919C2E0F700127E1A /* ResultImageCell.m */; };
		1588837F19C2E6EC00127E1A /* Background@2x.png in Resources */ = {isa = PBXBuildFile; fileRef = 1588837E19C2E6EC00127E1A /* Background@2x.png */; };
		1588838719C2F12E00127E1A /* 1-my-consultant@2x.png in Resources */ = {isa = PBXBuildFile; fileRef = 1588838019C2F12E00127E1A /* 1-my-consultant@2x.png */; };
		1588838819C2F12E00127E1A /* 2-my-securities@2x.png in Resources */ = {isa = PBXBuildFile; fileRef = 1588838119C2F12E00127E1A /* 2-my-securities@2x.png */; };
		1588838919C2F12E00127E1A /* 3-my-claims@2x.png in Resources */ = {isa = PBXBuildFile; fileRef = 1588838219C2F12E00127E1A /* 3-my-claims@2x.png */; };
		1588838A19C2F12E00127E1A /* Boutton-report-item@2x.png in Resources */ = {isa = PBXBuildFile; fileRef = 1588838319C2F12E00127E1A /* Boutton-report-item@2x.png */; };
		1588838B19C2F12E00127E1A /* Graph@2x.png in Resources */ = {isa = PBXBuildFile; fileRef = 1588838419C2F12E00127E1A /* Graph@2x.png */; };
		1588838C19C2F12E00127E1A /* logo-axa-glass@2x.png in Resources */ = {isa = PBXBuildFile; fileRef = 1588838519C2F12E00127E1A /* logo-axa-glass@2x.png */; };
		1588838D19C2F12E00127E1A /* logo-axa@2x.png in Resources */ = {isa = PBXBuildFile; fileRef = 1588838619C2F12E00127E1A /* logo-axa@2x.png */; };
		15C795C319C1D0CB0068B8F2 /* Foundation.framework in Frameworks */ = {isa = PBXBuildFile; fileRef = 15C795C219C1D0CB0068B8F2 /* Foundation.framework */; };
		15C795C519C1D0CB0068B8F2 /* CoreGraphics.framework in Frameworks */ = {isa = PBXBuildFile; fileRef = 15C795C419C1D0CB0068B8F2 /* CoreGraphics.framework */; };
		15C795C719C1D0CB0068B8F2 /* UIKit.framework in Frameworks */ = {isa = PBXBuildFile; fileRef = 15C795C619C1D0CB0068B8F2 /* UIKit.framework */; };
		15C795CD19C1D0CB0068B8F2 /* InfoPlist.strings in Resources */ = {isa = PBXBuildFile; fileRef = 15C795CB19C1D0CB0068B8F2 /* InfoPlist.strings */; };
		15C795CF19C1D0CB0068B8F2 /* main.m in Sources */ = {isa = PBXBuildFile; fileRef = 15C795CE19C1D0CB0068B8F2 /* main.m */; };
		15C795D319C1D0CB0068B8F2 /* AppDelegate.m in Sources */ = {isa = PBXBuildFile; fileRef = 15C795D219C1D0CB0068B8F2 /* AppDelegate.m */; };
		15C795D619C1D0CB0068B8F2 /* Main.storyboard in Resources */ = {isa = PBXBuildFile; fileRef = 15C795D419C1D0CB0068B8F2 /* Main.storyboard */; };
		15C795D919C1D0CB0068B8F2 /* HomeViewController.m in Sources */ = {isa = PBXBuildFile; fileRef = 15C795D819C1D0CB0068B8F2 /* HomeViewController.m */; };
		15C795DE19C1D0CB0068B8F2 /* Images.xcassets in Resources */ = {isa = PBXBuildFile; fileRef = 15C795DD19C1D0CB0068B8F2 /* Images.xcassets */; };
		15C795E519C1D0CB0068B8F2 /* XCTest.framework in Frameworks */ = {isa = PBXBuildFile; fileRef = 15C795E419C1D0CB0068B8F2 /* XCTest.framework */; };
		15C795E619C1D0CB0068B8F2 /* Foundation.framework in Frameworks */ = {isa = PBXBuildFile; fileRef = 15C795C219C1D0CB0068B8F2 /* Foundation.framework */; };
		15C795E719C1D0CB0068B8F2 /* UIKit.framework in Frameworks */ = {isa = PBXBuildFile; fileRef = 15C795C619C1D0CB0068B8F2 /* UIKit.framework */; };
		15C795EF19C1D0CB0068B8F2 /* InfoPlist.strings in Resources */ = {isa = PBXBuildFile; fileRef = 15C795ED19C1D0CB0068B8F2 /* InfoPlist.strings */; };
		15C795F119C1D0CB0068B8F2 /* Axa_GlassTests.m in Sources */ = {isa = PBXBuildFile; fileRef = 15C795F019C1D0CB0068B8F2 /* Axa_GlassTests.m */; };
		15C795FC19C1D6E80068B8F2 /* ChooserViewController.m in Sources */ = {isa = PBXBuildFile; fileRef = 15C795FB19C1D6E80068B8F2 /* ChooserViewController.m */; };
		15C7960B19C1DD4A0068B8F2 /* Icon in Resources */ = {isa = PBXBuildFile; fileRef = 15C7960019C1DD4A0068B8F2 /* Icon */; };
		15C7960C19C1DD4A0068B8F2 /* image-0.jpg in Resources */ = {isa = PBXBuildFile; fileRef = 15C7960119C1DD4A0068B8F2 /* image-0.jpg */; };
		15C7960D19C1DD4A0068B8F2 /* image-0.json in Resources */ = {isa = PBXBuildFile; fileRef = 15C7960219C1DD4A0068B8F2 /* image-0.json */; };
		15C7960E19C1DD4A0068B8F2 /* images-0-0.jpeg in Resources */ = {isa = PBXBuildFile; fileRef = 15C7960319C1DD4A0068B8F2 /* images-0-0.jpeg */; };
		15C7960F19C1DD4A0068B8F2 /* images-0-1.jpeg in Resources */ = {isa = PBXBuildFile; fileRef = 15C7960419C1DD4A0068B8F2 /* images-0-1.jpeg */; };
		15C7961019C1DD4A0068B8F2 /* images-0-2.jpeg in Resources */ = {isa = PBXBuildFile; fileRef = 15C7960519C1DD4A0068B8F2 /* images-0-2.jpeg */; };
		15C7961119C1DD4A0068B8F2 /* images-0-3.jpeg in Resources */ = {isa = PBXBuildFile; fileRef = 15C7960619C1DD4A0068B8F2 /* images-0-3.jpeg */; };
		15C7961219C1DD4A0068B8F2 /* images-0-4.jpeg in Resources */ = {isa = PBXBuildFile; fileRef = 15C7960719C1DD4A0068B8F2 /* images-0-4.jpeg */; };
		15C7961319C1DD4A0068B8F2 /* images-0-5.jpeg in Resources */ = {isa = PBXBuildFile; fileRef = 15C7960819C1DD4A0068B8F2 /* images-0-5.jpeg */; };
		15C7961419C1DD4A0068B8F2 /* images-0-6.jpeg in Resources */ = {isa = PBXBuildFile; fileRef = 15C7960919C1DD4A0068B8F2 /* images-0-6.jpeg */; };
		15C7961519C1DD4A0068B8F2 /* images-0-7.jpeg in Resources */ = {isa = PBXBuildFile; fileRef = 15C7960A19C1DD4A0068B8F2 /* images-0-7.jpeg */; };
		15C7961819C1DD860068B8F2 /* ImageModel.m in Sources */ = {isa = PBXBuildFile; fileRef = 15C7961719C1DD860068B8F2 /* ImageModel.m */; };
		15C7961C19C1DFA10068B8F2 /* SimilarImage.m in Sources */ = {isa = PBXBuildFile; fileRef = 15C7961B19C1DFA10068B8F2 /* SimilarImage.m */; };
		15C7961F19C1E0BC0068B8F2 /* ImagesModel.m in Sources */ = {isa = PBXBuildFile; fileRef = 15C7961E19C1E0BC0068B8F2 /* ImagesModel.m */; };
		15C7962319C1E2B90068B8F2 /* ImageDetailViewController.m in Sources */ = {isa = PBXBuildFile; fileRef = 15C7962219C1E2B90068B8F2 /* ImageDetailViewController.m */; };
		A55376FA0FB743CDB1AC8383 /* libPods.a in Frameworks */ = {isa = PBXBuildFile; fileRef = ED3D638101794301B40466E9 /* libPods.a */; };
/* End PBXBuildFile section */

/* Begin PBXContainerItemProxy section */
		15C795E819C1D0CB0068B8F2 /* PBXContainerItemProxy */ = {
			isa = PBXContainerItemProxy;
			containerPortal = 15C795B719C1D0CB0068B8F2 /* Project object */;
			proxyType = 1;
			remoteGlobalIDString = 15C795BE19C1D0CB0068B8F2;
			remoteInfo = "Axa Glass";
		};
/* End PBXContainerItemProxy section */

/* Begin PBXFileReference section */
		153E1E7219C332FD001A76E6 /* info1@2x.png */ = {isa = PBXFileReference; lastKnownFileType = image.png; path = "info1@2x.png"; sourceTree = "<group>"; };
		153E1E7319C332FD001A76E6 /* info2-get-now@2x.png */ = {isa = PBXFileReference; lastKnownFileType = image.png; path = "info2-get-now@2x.png"; sourceTree = "<group>"; };
		153E1E7419C332FD001A76E6 /* info3-viewconditions@2x.png */ = {isa = PBXFileReference; lastKnownFileType = image.png; path = "info3-viewconditions@2x.png"; sourceTree = "<group>"; };
		153E1E7519C332FD001A76E6 /* option-at-home@2x.png */ = {isa = PBXFileReference; lastKnownFileType = image.png; path = "option-at-home@2x.png"; sourceTree = "<group>"; };
		153E1E7619C332FD001A76E6 /* option-in-the-car@2x.png */ = {isa = PBXFileReference; lastKnownFileType = image.png; path = "option-in-the-car@2x.png"; sourceTree = "<group>"; };
		153E1E7719C332FD001A76E6 /* option-outside@2x.psd */ = {isa = PBXFileReference; lastKnownFileType = file; path = "option-outside@2x.psd"; sourceTree = "<group>"; };
		153E1E7819C332FD001A76E6 /* option-traveling@2x.png */ = {isa = PBXFileReference; lastKnownFileType = image.png; path = "option-traveling@2x.png"; sourceTree = "<group>"; };
		153E1E8019C339BC001A76E6 /* barre@2x.png */ = {isa = PBXFileReference; lastKnownFileType = image.png; name = "barre@2x.png"; path = "../../../../../../Downloads/F1 2/barre@2x.png"; sourceTree = "<group>"; };
		1547AA3B19C3001B00245389 /* logo-axa-glass_marge@2x.png */ = {isa = PBXFileReference; lastKnownFileType = image.png; path = "logo-axa-glass_marge@2x.png"; sourceTree = "<group>"; };
		1547AA4419C3070700245389 /* Const.h */ = {isa = PBXFileReference; lastKnownFileType = sourcecode.c.h; path = Const.h; sourceTree = "<group>"; };
		1547AA4519C309F500245389 /* ITCFranklinGothicStd-Book.otf */ = {isa = PBXFileReference; lastKnownFileType = file; path = "ITCFranklinGothicStd-Book.otf"; sourceTree = "<group>"; };
		1547AA4619C309F500245389 /* ITCFranklinGothicStd-Demi.otf */ = {isa = PBXFileReference; lastKnownFileType = file; path = "ITCFranklinGothicStd-Demi.otf"; sourceTree = "<group>"; };
		1547AA4719C309F500245389 /* ITCFranklinGothicStd-DmCd.otf */ = {isa = PBXFileReference; lastKnownFileType = file; path = "ITCFranklinGothicStd-DmCd.otf"; sourceTree = "<group>"; };
		1547AA4C19C30CE100245389 /* elipse-category@2x.png */ = {isa = PBXFileReference; lastKnownFileType = image.png; path = "elipse-category@2x.png"; sourceTree = "<group>"; };
		1547AA4D19C30CE100245389 /* elipse-tag@2x.png */ = {isa = PBXFileReference; lastKnownFileType = image.png; path = "elipse-tag@2x.png"; sourceTree = "<group>"; };
		1547AA4E19C30CE100245389 /* ellipse-price@2x.png */ = {isa = PBXFileReference; lastKnownFileType = image.png; path = "ellipse-price@2x.png"; sourceTree = "<group>"; };
		1547AA5219C30D0B00245389 /* ellipse-price@2x.png */ = {isa = PBXFileReference; lastKnownFileType = image.png; path = "ellipse-price@2x.png"; sourceTree = "<group>"; };
		1547AA5519C31A8800245389 /* InsurenceOptionCell.h */ = {isa = PBXFileReference; fileEncoding = 4; lastKnownFileType = sourcecode.c.h; path = InsurenceOptionCell.h; sourceTree = "<group>"; };
		1547AA5619C31A8800245389 /* InsurenceOptionCell.m */ = {isa = PBXFileReference; fileEncoding = 4; lastKnownFileType = sourcecode.c.objc; path = InsurenceOptionCell.m; sourceTree = "<group>"; };
		1588837519C2DF8900127E1A /* ImageResultController.h */ = {isa = PBXFileReference; fileEncoding = 4; lastKnownFileType = sourcecode.c.h; path = ImageResultController.h; sourceTree = "<group>"; };
		1588837619C2DF8900127E1A /* ImageResultController.m */ = {isa = PBXFileReference; fileEncoding = 4; lastKnownFileType = sourcecode.c.objc; path = ImageResultController.m; sourceTree = "<group>"; };
		1588837819C2E0F700127E1A /* ResultImageCell.h */ = {isa = PBXFileReference; fileEncoding = 4; lastKnownFileType = sourcecode.c.h; path = ResultImageCell.h; sourceTree = "<group>"; };
		1588837919C2E0F700127E1A /* ResultImageCell.m */ = {isa = PBXFileReference; fileEncoding = 4; lastKnownFileType = sourcecode.c.objc; path = ResultImageCell.m; sourceTree = "<group>"; };
		1588837E19C2E6EC00127E1A /* Background@2x.png */ = {isa = PBXFileReference; lastKnownFileType = image.png; path = "Background@2x.png"; sourceTree = "<group>"; };
		1588838019C2F12E00127E1A /* 1-my-consultant@2x.png */ = {isa = PBXFileReference; lastKnownFileType = image.png; path = "1-my-consultant@2x.png"; sourceTree = "<group>"; };
		1588838119C2F12E00127E1A /* 2-my-securities@2x.png */ = {isa = PBXFileReference; lastKnownFileType = image.png; path = "2-my-securities@2x.png"; sourceTree = "<group>"; };
		1588838219C2F12E00127E1A /* 3-my-claims@2x.png */ = {isa = PBXFileReference; lastKnownFileType = image.png; path = "3-my-claims@2x.png"; sourceTree = "<group>"; };
		1588838319C2F12E00127E1A /* Boutton-report-item@2x.png */ = {isa = PBXFileReference; lastKnownFileType = image.png; path = "Boutton-report-item@2x.png"; sourceTree = "<group>"; };
		1588838419C2F12E00127E1A /* Graph@2x.png */ = {isa = PBXFileReference; lastKnownFileType = image.png; path = "Graph@2x.png"; sourceTree = "<group>"; };
		1588838519C2F12E00127E1A /* logo-axa-glass@2x.png */ = {isa = PBXFileReference; lastKnownFileType = image.png; path = "logo-axa-glass@2x.png"; sourceTree = "<group>"; };
		1588838619C2F12E00127E1A /* logo-axa@2x.png */ = {isa = PBXFileReference; lastKnownFileType = image.png; path = "logo-axa@2x.png"; sourceTree = "<group>"; };
		15C795BF19C1D0CB0068B8F2 /* Axa Glass.app */ = {isa = PBXFileReference; explicitFileType = wrapper.application; includeInIndex = 0; path = "Axa Glass.app"; sourceTree = BUILT_PRODUCTS_DIR; };
		15C795C219C1D0CB0068B8F2 /* Foundation.framework */ = {isa = PBXFileReference; lastKnownFileType = wrapper.framework; name = Foundation.framework; path = System/Library/Frameworks/Foundation.framework; sourceTree = SDKROOT; };
		15C795C419C1D0CB0068B8F2 /* CoreGraphics.framework */ = {isa = PBXFileReference; lastKnownFileType = wrapper.framework; name = CoreGraphics.framework; path = System/Library/Frameworks/CoreGraphics.framework; sourceTree = SDKROOT; };
		15C795C619C1D0CB0068B8F2 /* UIKit.framework */ = {isa = PBXFileReference; lastKnownFileType = wrapper.framework; name = UIKit.framework; path = System/Library/Frameworks/UIKit.framework; sourceTree = SDKROOT; };
		15C795CA19C1D0CB0068B8F2 /* Axa Glass-Info.plist */ = {isa = PBXFileReference; lastKnownFileType = text.plist.xml; path = "Axa Glass-Info.plist"; sourceTree = "<group>"; };
		15C795CC19C1D0CB0068B8F2 /* en */ = {isa = PBXFileReference; lastKnownFileType = text.plist.strings; name = en; path = en.lproj/InfoPlist.strings; sourceTree = "<group>"; };
		15C795CE19C1D0CB0068B8F2 /* main.m */ = {isa = PBXFileReference; lastKnownFileType = sourcecode.c.objc; path = main.m; sourceTree = "<group>"; };
		15C795D019C1D0CB0068B8F2 /* Axa Glass-Prefix.pch */ = {isa = PBXFileReference; lastKnownFileType = sourcecode.c.h; path = "Axa Glass-Prefix.pch"; sourceTree = "<group>"; };
		15C795D119C1D0CB0068B8F2 /* AppDelegate.h */ = {isa = PBXFileReference; lastKnownFileType = sourcecode.c.h; path = AppDelegate.h; sourceTree = "<group>"; };
		15C795D219C1D0CB0068B8F2 /* AppDelegate.m */ = {isa = PBXFileReference; lastKnownFileType = sourcecode.c.objc; path = AppDelegate.m; sourceTree = "<group>"; };
		15C795D519C1D0CB0068B8F2 /* Base */ = {isa = PBXFileReference; lastKnownFileType = file.storyboard; name = Base; path = Base.lproj/Main.storyboard; sourceTree = "<group>"; };
		15C795D719C1D0CB0068B8F2 /* HomeViewController.h */ = {isa = PBXFileReference; lastKnownFileType = sourcecode.c.h; path = HomeViewController.h; sourceTree = "<group>"; };
		15C795D819C1D0CB0068B8F2 /* HomeViewController.m */ = {isa = PBXFileReference; lastKnownFileType = sourcecode.c.objc; path = HomeViewController.m; sourceTree = "<group>"; };
		15C795DD19C1D0CB0068B8F2 /* Images.xcassets */ = {isa = PBXFileReference; lastKnownFileType = folder.assetcatalog; path = Images.xcassets; sourceTree = "<group>"; };
		15C795E319C1D0CB0068B8F2 /* Axa GlassTests.xctest */ = {isa = PBXFileReference; explicitFileType = wrapper.cfbundle; includeInIndex = 0; path = "Axa GlassTests.xctest"; sourceTree = BUILT_PRODUCTS_DIR; };
		15C795E419C1D0CB0068B8F2 /* XCTest.framework */ = {isa = PBXFileReference; lastKnownFileType = wrapper.framework; name = XCTest.framework; path = Library/Frameworks/XCTest.framework; sourceTree = DEVELOPER_DIR; };
		15C795EC19C1D0CB0068B8F2 /* Axa GlassTests-Info.plist */ = {isa = PBXFileReference; lastKnownFileType = text.plist.xml; path = "Axa GlassTests-Info.plist"; sourceTree = "<group>"; };
		15C795EE19C1D0CB0068B8F2 /* en */ = {isa = PBXFileReference; lastKnownFileType = text.plist.strings; name = en; path = en.lproj/InfoPlist.strings; sourceTree = "<group>"; };
		15C795F019C1D0CB0068B8F2 /* Axa_GlassTests.m */ = {isa = PBXFileReference; lastKnownFileType = sourcecode.c.objc; path = Axa_GlassTests.m; sourceTree = "<group>"; };
		15C795FA19C1D6E80068B8F2 /* ChooserViewController.h */ = {isa = PBXFileReference; fileEncoding = 4; lastKnownFileType = sourcecode.c.h; path = ChooserViewController.h; sourceTree = "<group>"; };
		15C795FB19C1D6E80068B8F2 /* ChooserViewController.m */ = {isa = PBXFileReference; fileEncoding = 4; lastKnownFileType = sourcecode.c.objc; path = ChooserViewController.m; sourceTree = "<group>"; };
		15C7960019C1DD4A0068B8F2 /* Icon */ = {isa = PBXFileReference; fileEncoding = 4; lastKnownFileType = text; path = "Icon"; sourceTree = "<group>"; };
		15C7960119C1DD4A0068B8F2 /* image-0.jpg */ = {isa = PBXFileReference; lastKnownFileType = image.jpeg; path = "image-0.jpg"; sourceTree = "<group>"; };
		15C7960219C1DD4A0068B8F2 /* image-0.json */ = {isa = PBXFileReference; fileEncoding = 4; lastKnownFileType = text.json; path = "image-0.json"; sourceTree = "<group>"; };
		15C7960319C1DD4A0068B8F2 /* images-0-0.jpeg */ = {isa = PBXFileReference; lastKnownFileType = image.jpeg; path = "images-0-0.jpeg"; sourceTree = "<group>"; };
		15C7960419C1DD4A0068B8F2 /* images-0-1.jpeg */ = {isa = PBXFileReference; lastKnownFileType = image.jpeg; path = "images-0-1.jpeg"; sourceTree = "<group>"; };
		15C7960519C1DD4A0068B8F2 /* images-0-2.jpeg */ = {isa = PBXFileReference; lastKnownFileType = image.jpeg; path = "images-0-2.jpeg"; sourceTree = "<group>"; };
		15C7960619C1DD4A0068B8F2 /* images-0-3.jpeg */ = {isa = PBXFileReference; lastKnownFileType = image.jpeg; path = "images-0-3.jpeg"; sourceTree = "<group>"; };
		15C7960719C1DD4A0068B8F2 /* images-0-4.jpeg */ = {isa = PBXFileReference; lastKnownFileType = image.jpeg; path = "images-0-4.jpeg"; sourceTree = "<group>"; };
		15C7960819C1DD4A0068B8F2 /* images-0-5.jpeg */ = {isa = PBXFileReference; lastKnownFileType = image.jpeg; path = "images-0-5.jpeg"; sourceTree = "<group>"; };
		15C7960919C1DD4A0068B8F2 /* images-0-6.jpeg */ = {isa = PBXFileReference; lastKnownFileType = image.jpeg; path = "images-0-6.jpeg"; sourceTree = "<group>"; };
		15C7960A19C1DD4A0068B8F2 /* images-0-7.jpeg */ = {isa = PBXFileReference; lastKnownFileType = image.jpeg; path = "images-0-7.jpeg"; sourceTree = "<group>"; };
		15C7961619C1DD860068B8F2 /* ImageModel.h */ = {isa = PBXFileReference; fileEncoding = 4; lastKnownFileType = sourcecode.c.h; path = ImageModel.h; sourceTree = "<group>"; };
		15C7961719C1DD860068B8F2 /* ImageModel.m */ = {isa = PBXFileReference; fileEncoding = 4; lastKnownFileType = sourcecode.c.objc; path = ImageModel.m; sourceTree = "<group>"; };
		15C7961A19C1DFA10068B8F2 /* SimilarImage.h */ = {isa = PBXFileReference; fileEncoding = 4; lastKnownFileType = sourcecode.c.h; path = SimilarImage.h; sourceTree = "<group>"; };
		15C7961B19C1DFA10068B8F2 /* SimilarImage.m */ = {isa = PBXFileReference; fileEncoding = 4; lastKnownFileType = sourcecode.c.objc; path = SimilarImage.m; sourceTree = "<group>"; };
		15C7961D19C1E0BC0068B8F2 /* ImagesModel.h */ = {isa = PBXFileReference; fileEncoding = 4; lastKnownFileType = sourcecode.c.h; path = ImagesModel.h; sourceTree = "<group>"; };
		15C7961E19C1E0BC0068B8F2 /* ImagesModel.m */ = {isa = PBXFileReference; fileEncoding = 4; lastKnownFileType = sourcecode.c.objc; path = ImagesModel.m; sourceTree = "<group>"; };
		15C7962119C1E2B90068B8F2 /* ImageDetailViewController.h */ = {isa = PBXFileReference; fileEncoding = 4; lastKnownFileType = sourcecode.c.h; path = ImageDetailViewController.h; sourceTree = "<group>"; };
		15C7962219C1E2B90068B8F2 /* ImageDetailViewController.m */ = {isa = PBXFileReference; fileEncoding = 4; lastKnownFileType = sourcecode.c.objc; path = ImageDetailViewController.m; sourceTree = "<group>"; };
		90D8EF492E9E4317BBFE257F /* Pods.xcconfig */ = {isa = PBXFileReference; includeInIndex = 1; lastKnownFileType = text.xcconfig; name = Pods.xcconfig; path = Pods/Pods.xcconfig; sourceTree = "<group>"; };
		ED3D638101794301B40466E9 /* libPods.a */ = {isa = PBXFileReference; explicitFileType = archive.ar; includeInIndex = 0; path = libPods.a; sourceTree = BUILT_PRODUCTS_DIR; };
/* End PBXFileReference section */

/* Begin PBXFrameworksBuildPhase section */
		15C795BC19C1D0CB0068B8F2 /* Frameworks */ = {
			isa = PBXFrameworksBuildPhase;
			buildActionMask = 2147483647;
			files = (
				15C795C519C1D0CB0068B8F2 /* CoreGraphics.framework in Frameworks */,
				15C795C719C1D0CB0068B8F2 /* UIKit.framework in Frameworks */,
				15C795C319C1D0CB0068B8F2 /* Foundation.framework in Frameworks */,
				A55376FA0FB743CDB1AC8383 /* libPods.a in Frameworks */,
			);
			runOnlyForDeploymentPostprocessing = 0;
		};
		15C795E019C1D0CB0068B8F2 /* Frameworks */ = {
			isa = PBXFrameworksBuildPhase;
			buildActionMask = 2147483647;
			files = (
				15C795E519C1D0CB0068B8F2 /* XCTest.framework in Frameworks */,
				15C795E719C1D0CB0068B8F2 /* UIKit.framework in Frameworks */,
				15C795E619C1D0CB0068B8F2 /* Foundation.framework in Frameworks */,
			);
			runOnlyForDeploymentPostprocessing = 0;
		};
/* End PBXFrameworksBuildPhase section */

/* Begin PBXGroup section */
		153E1E6819C33292001A76E6 /* options */ = {
			isa = PBXGroup;
			children = (
				153E1E7119C332FD001A76E6 /* detail */,
			);
			path = options;
			sourceTree = "<group>";
		};
		153E1E7119C332FD001A76E6 /* detail */ = {
			isa = PBXGroup;
			children = (
				153E1E8019C339BC001A76E6 /* barre@2x.png */,
				153E1E7219C332FD001A76E6 /* info1@2x.png */,
				153E1E7319C332FD001A76E6 /* info2-get-now@2x.png */,
				153E1E7419C332FD001A76E6 /* info3-viewconditions@2x.png */,
				153E1E7519C332FD001A76E6 /* option-at-home@2x.png */,
				153E1E7619C332FD001A76E6 /* option-in-the-car@2x.png */,
				153E1E7719C332FD001A76E6 /* option-outside@2x.psd */,
				153E1E7819C332FD001A76E6 /* option-traveling@2x.png */,
			);
			name = detail;
			path = "Axa Glass/Images/detail";
			sourceTree = SOURCE_ROOT;
		};
		1547AA3D19C304DE00245389 /* Font */ = {
			isa = PBXGroup;
			children = (
				1547AA4519C309F500245389 /* ITCFranklinGothicStd-Book.otf */,
				1547AA4619C309F500245389 /* ITCFranklinGothicStd-Demi.otf */,
				1547AA4719C309F500245389 /* ITCFranklinGothicStd-DmCd.otf */,
			);
			path = Font;
			sourceTree = "<group>";
		};
		1547AA4B19C30B8000245389 /* Process */ = {
			isa = PBXGroup;
			children = (
				1588837519C2DF8900127E1A /* ImageResultController.h */,
				1588837619C2DF8900127E1A /* ImageResultController.m */,
				1588837819C2E0F700127E1A /* ResultImageCell.h */,
				1588837919C2E0F700127E1A /* ResultImageCell.m */,
			);
			name = Process;
			sourceTree = "<group>";
		};
		1547AA5419C31A5000245389 /* Insurence option */ = {
			isa = PBXGroup;
			children = (
				15C7962119C1E2B90068B8F2 /* ImageDetailViewController.h */,
				15C7962219C1E2B90068B8F2 /* ImageDetailViewController.m */,
				1547AA5519C31A8800245389 /* InsurenceOptionCell.h */,
				1547AA5619C31A8800245389 /* InsurenceOptionCell.m */,
			);
			name = "Insurence option";
			sourceTree = "<group>";
		};
		1588837B19C2E6A200127E1A /* Images */ = {
			isa = PBXGroup;
			children = (
				153E1E6819C33292001A76E6 /* options */,
				1588837E19C2E6EC00127E1A /* Background@2x.png */,
				1588838019C2F12E00127E1A /* 1-my-consultant@2x.png */,
				1547AA4C19C30CE100245389 /* elipse-category@2x.png */,
				1547AA4D19C30CE100245389 /* elipse-tag@2x.png */,
				1547AA5219C30D0B00245389 /* ellipse-price@2x.png */,
				1547AA4E19C30CE100245389 /* ellipse-price@2x.png */,
				1588838119C2F12E00127E1A /* 2-my-securities@2x.png */,
				1588838219C2F12E00127E1A /* 3-my-claims@2x.png */,
				1547AA3B19C3001B00245389 /* logo-axa-glass_marge@2x.png */,
				1588838319C2F12E00127E1A /* Boutton-report-item@2x.png */,
				1588838419C2F12E00127E1A /* Graph@2x.png */,
				1588838519C2F12E00127E1A /* logo-axa-glass@2x.png */,
				1588838619C2F12E00127E1A /* logo-axa@2x.png */,
			);
			name = Images;
			path = "Axa Glass/Images";
			sourceTree = SOURCE_ROOT;
		};
		15C795B619C1D0CB0068B8F2 = {
			isa = PBXGroup;
			children = (
				15C795C819C1D0CB0068B8F2 /* Axa Glass */,
				15C795EA19C1D0CB0068B8F2 /* Axa GlassTests */,
				15C795C119C1D0CB0068B8F2 /* Frameworks */,
				15C795C019C1D0CB0068B8F2 /* Products */,
				90D8EF492E9E4317BBFE257F /* Pods.xcconfig */,
			);
			sourceTree = "<group>";
		};
		15C795C019C1D0CB0068B8F2 /* Products */ = {
			isa = PBXGroup;
			children = (
				15C795BF19C1D0CB0068B8F2 /* Axa Glass.app */,
				15C795E319C1D0CB0068B8F2 /* Axa GlassTests.xctest */,
			);
			name = Products;
			sourceTree = "<group>";
		};
		15C795C119C1D0CB0068B8F2 /* Frameworks */ = {
			isa = PBXGroup;
			children = (
				15C795C219C1D0CB0068B8F2 /* Foundation.framework */,
				15C795C419C1D0CB0068B8F2 /* CoreGraphics.framework */,
				15C795C619C1D0CB0068B8F2 /* UIKit.framework */,
				15C795E419C1D0CB0068B8F2 /* XCTest.framework */,
				ED3D638101794301B40466E9 /* libPods.a */,
			);
			name = Frameworks;
			sourceTree = "<group>";
		};
		15C795C819C1D0CB0068B8F2 /* Axa Glass */ = {
			isa = PBXGroup;
			children = (
				15C795FE19C1DD4A0068B8F2 /* Ressources */,
				15C795FD19C1DC290068B8F2 /* Model */,
				15C795D119C1D0CB0068B8F2 /* AppDelegate.h */,
				15C795D219C1D0CB0068B8F2 /* AppDelegate.m */,
				15C795D419C1D0CB0068B8F2 /* Main.storyboard */,
				15C7962019C1E2980068B8F2 /* Controllers */,
				15C795DD19C1D0CB0068B8F2 /* Images.xcassets */,
				15C795C919C1D0CB0068B8F2 /* Supporting Files */,
				1547AA4419C3070700245389 /* Const.h */,
			);
			path = "Axa Glass";
			sourceTree = "<group>";
		};
		15C795C919C1D0CB0068B8F2 /* Supporting Files */ = {
			isa = PBXGroup;
			children = (
				15C795CA19C1D0CB0068B8F2 /* Axa Glass-Info.plist */,
				15C795CB19C1D0CB0068B8F2 /* InfoPlist.strings */,
				15C795CE19C1D0CB0068B8F2 /* main.m */,
				15C795D019C1D0CB0068B8F2 /* Axa Glass-Prefix.pch */,
			);
			name = "Supporting Files";
			sourceTree = "<group>";
		};
		15C795EA19C1D0CB0068B8F2 /* Axa GlassTests */ = {
			isa = PBXGroup;
			children = (
				15C795F019C1D0CB0068B8F2 /* Axa_GlassTests.m */,
				15C795EB19C1D0CB0068B8F2 /* Supporting Files */,
			);
			path = "Axa GlassTests";
			sourceTree = "<group>";
		};
		15C795EB19C1D0CB0068B8F2 /* Supporting Files */ = {
			isa = PBXGroup;
			children = (
				15C795EC19C1D0CB0068B8F2 /* Axa GlassTests-Info.plist */,
				15C795ED19C1D0CB0068B8F2 /* InfoPlist.strings */,
			);
			name = "Supporting Files";
			sourceTree = "<group>";
		};
		15C795FD19C1DC290068B8F2 /* Model */ = {
			isa = PBXGroup;
			children = (
				15C7961619C1DD860068B8F2 /* ImageModel.h */,
				15C7961719C1DD860068B8F2 /* ImageModel.m */,
				15C7961A19C1DFA10068B8F2 /* SimilarImage.h */,
				15C7961B19C1DFA10068B8F2 /* SimilarImage.m */,
				15C7961D19C1E0BC0068B8F2 /* ImagesModel.h */,
				15C7961E19C1E0BC0068B8F2 /* ImagesModel.m */,
			);
			name = Model;
			sourceTree = "<group>";
		};
		15C795FE19C1DD4A0068B8F2 /* Ressources */ = {
			isa = PBXGroup;
			children = (
				1547AA3D19C304DE00245389 /* Font */,
				1588837B19C2E6A200127E1A /* Images */,
				15C795FF19C1DD4A0068B8F2 /* image-0 */,
			);
			path = Ressources;
			sourceTree = "<group>";
		};
		15C795FF19C1DD4A0068B8F2 /* image-0 */ = {
			isa = PBXGroup;
			children = (
				15C7960019C1DD4A0068B8F2 /* Icon */,
				15C7960119C1DD4A0068B8F2 /* image-0.jpg */,
				15C7960219C1DD4A0068B8F2 /* image-0.json */,
				15C7960319C1DD4A0068B8F2 /* images-0-0.jpeg */,
				15C7960419C1DD4A0068B8F2 /* images-0-1.jpeg */,
				15C7960519C1DD4A0068B8F2 /* images-0-2.jpeg */,
				15C7960619C1DD4A0068B8F2 /* images-0-3.jpeg */,
				15C7960719C1DD4A0068B8F2 /* images-0-4.jpeg */,
				15C7960819C1DD4A0068B8F2 /* images-0-5.jpeg */,
				15C7960919C1DD4A0068B8F2 /* images-0-6.jpeg */,
				15C7960A19C1DD4A0068B8F2 /* images-0-7.jpeg */,
			);
			path = "image-0";
			sourceTree = "<group>";
		};
		15C7962019C1E2980068B8F2 /* Controllers */ = {
			isa = PBXGroup;
			children = (
				15C795D719C1D0CB0068B8F2 /* HomeViewController.h */,
				15C795D819C1D0CB0068B8F2 /* HomeViewController.m */,
				15C795FA19C1D6E80068B8F2 /* ChooserViewController.h */,
				15C795FB19C1D6E80068B8F2 /* ChooserViewController.m */,
				1547AA4B19C30B8000245389 /* Process */,
				1547AA5419C31A5000245389 /* Insurence option */,
			);
			name = Controllers;
			sourceTree = "<group>";
		};
/* End PBXGroup section */

/* Begin PBXNativeTarget section */
		15C795BE19C1D0CB0068B8F2 /* Axa Glass */ = {
			isa = PBXNativeTarget;
			buildConfigurationList = 15C795F419C1D0CB0068B8F2 /* Build configuration list for PBXNativeTarget "Axa Glass" */;
			buildPhases = (
				132CE5BE3F5C4516AF1DFE9F /* Check Pods Manifest.lock */,
				15C795BB19C1D0CB0068B8F2 /* Sources */,
				15C795BC19C1D0CB0068B8F2 /* Frameworks */,
				15C795BD19C1D0CB0068B8F2 /* Resources */,
				FD5DEF1F85E54FBB83AC5A95 /* Copy Pods Resources */,
			);
			buildRules = (
			);
			dependencies = (
			);
			name = "Axa Glass";
			productName = "Axa Glass";
			productReference = 15C795BF19C1D0CB0068B8F2 /* Axa Glass.app */;
			productType = "com.apple.product-type.application";
		};
		15C795E219C1D0CB0068B8F2 /* Axa GlassTests */ = {
			isa = PBXNativeTarget;
			buildConfigurationList = 15C795F719C1D0CB0068B8F2 /* Build configuration list for PBXNativeTarget "Axa GlassTests" */;
			buildPhases = (
				15C795DF19C1D0CB0068B8F2 /* Sources */,
				15C795E019C1D0CB0068B8F2 /* Frameworks */,
				15C795E119C1D0CB0068B8F2 /* Resources */,
			);
			buildRules = (
			);
			dependencies = (
				15C795E919C1D0CB0068B8F2 /* PBXTargetDependency */,
			);
			name = "Axa GlassTests";
			productName = "Axa GlassTests";
			productReference = 15C795E319C1D0CB0068B8F2 /* Axa GlassTests.xctest */;
			productType = "com.apple.product-type.bundle.unit-test";
		};
/* End PBXNativeTarget section */

/* Begin PBXProject section */
		15C795B719C1D0CB0068B8F2 /* Project object */ = {
			isa = PBXProject;
			attributes = {
				LastUpgradeCheck = 0510;
				ORGANIZATIONNAME = Axa;
				TargetAttributes = {
					15C795BE19C1D0CB0068B8F2 = {
						DevelopmentTeam = GTWSK8DVU4;
					};
					15C795E219C1D0CB0068B8F2 = {
						TestTargetID = 15C795BE19C1D0CB0068B8F2;
					};
				};
			};
			buildConfigurationList = 15C795BA19C1D0CB0068B8F2 /* Build configuration list for PBXProject "Axa Glass" */;
			compatibilityVersion = "Xcode 3.2";
			developmentRegion = English;
			hasScannedForEncodings = 0;
			knownRegions = (
				en,
				Base,
			);
			mainGroup = 15C795B619C1D0CB0068B8F2;
			productRefGroup = 15C795C019C1D0CB0068B8F2 /* Products */;
			projectDirPath = "";
			projectRoot = "";
			targets = (
				15C795BE19C1D0CB0068B8F2 /* Axa Glass */,
				15C795E219C1D0CB0068B8F2 /* Axa GlassTests */,
			);
		};
/* End PBXProject section */

/* Begin PBXResourcesBuildPhase section */
		15C795BD19C1D0CB0068B8F2 /* Resources */ = {
			isa = PBXResourcesBuildPhase;
			buildActionMask = 2147483647;
			files = (
				1588838D19C2F12E00127E1A /* logo-axa@2x.png in Resources */,
				15C7961519C1DD4A0068B8F2 /* images-0-7.jpeg in Resources */,
				15C7960E19C1DD4A0068B8F2 /* images-0-0.jpeg in Resources */,
				15C7960D19C1DD4A0068B8F2 /* image-0.json in Resources */,
				1547AA4919C309F800245389 /* ITCFranklinGothicStd-Demi.otf in Resources */,
				1588837F19C2E6EC00127E1A /* Background@2x.png in Resources */,
				15C7961019C1DD4A0068B8F2 /* images-0-2.jpeg in Resources */,
				1547AA4A19C309F800245389 /* ITCFranklinGothicStd-DmCd.otf in Resources */,
				15C795DE19C1D0CB0068B8F2 /* Images.xcassets in Resources */,
				1588838C19C2F12E00127E1A /* logo-axa-glass@2x.png in Resources */,
				15C7961119C1DD4A0068B8F2 /* images-0-3.jpeg in Resources */,
				1547AA4F19C30CE100245389 /* elipse-category@2x.png in Resources */,
				15C7960C19C1DD4A0068B8F2 /* image-0.jpg in Resources */,
				153E1E8119C339BC001A76E6 /* barre@2x.png in Resources */,
				15C7961419C1DD4A0068B8F2 /* images-0-6.jpeg in Resources */,
				153E1E7A19C332FD001A76E6 /* info2-get-now@2x.png in Resources */,
				1547AA5119C30CE100245389 /* ellipse-price@2x.png in Resources */,
				1588838819C2F12E00127E1A /* 2-my-securities@2x.png in Resources */,
				153E1E7F19C332FD001A76E6 /* option-traveling@2x.png in Resources */,
				15C7960F19C1DD4A0068B8F2 /* images-0-1.jpeg in Resources */,
				1588838B19C2F12E00127E1A /* Graph@2x.png in Resources */,
				153E1E7D19C332FD001A76E6 /* option-in-the-car@2x.png in Resources */,
				153E1E7B19C332FD001A76E6 /* info3-viewconditions@2x.png in Resources */,
				15C795CD19C1D0CB0068B8F2 /* InfoPlist.strings in Resources */,
				15C7961319C1DD4A0068B8F2 /* images-0-5.jpeg in Resources */,
				153E1E7919C332FD001A76E6 /* info1@2x.png in Resources */,
				15C795D619C1D0CB0068B8F2 /* Main.storyboard in Resources */,
				153E1E7C19C332FD001A76E6 /* option-at-home@2x.png in Resources */,
				15C7960B19C1DD4A0068B8F2 /* Icon in Resources */,
				1547AA5019C30CE100245389 /* elipse-tag@2x.png in Resources */,
				1547AA5319C30D0B00245389 /* ellipse-price@2x.png in Resources */,
				1547AA4819C309F800245389 /* ITCFranklinGothicStd-Book.otf in Resources */,
				15C7961219C1DD4A0068B8F2 /* images-0-4.jpeg in Resources */,
				1547AA3C19C3001B00245389 /* logo-axa-glass_marge@2x.png in Resources */,
				1588838A19C2F12E00127E1A /* Boutton-report-item@2x.png in Resources */,
				1588838719C2F12E00127E1A /* 1-my-consultant@2x.png in Resources */,
				1588838919C2F12E00127E1A /* 3-my-claims@2x.png in Resources */,
				153E1E7E19C332FD001A76E6 /* option-outside@2x.psd in Resources */,
			);
			runOnlyForDeploymentPostprocessing = 0;
		};
		15C795E119C1D0CB0068B8F2 /* Resources */ = {
			isa = PBXResourcesBuildPhase;
			buildActionMask = 2147483647;
			files = (
				15C795EF19C1D0CB0068B8F2 /* InfoPlist.strings in Resources */,
			);
			runOnlyForDeploymentPostprocessing = 0;
		};
/* End PBXResourcesBuildPhase section */

/* Begin PBXShellScriptBuildPhase section */
		132CE5BE3F5C4516AF1DFE9F /* Check Pods Manifest.lock */ = {
			isa = PBXShellScriptBuildPhase;
			buildActionMask = 2147483647;
			files = (
			);
			inputPaths = (
			);
			name = "Check Pods Manifest.lock";
			outputPaths = (
			);
			runOnlyForDeploymentPostprocessing = 0;
			shellPath = /bin/sh;
			shellScript = "diff \"${PODS_ROOT}/../Podfile.lock\" \"${PODS_ROOT}/Manifest.lock\" > /dev/null\nif [[ $? != 0 ]] ; then\n    cat << EOM\nerror: The sandbox is not in sync with the Podfile.lock. Run 'pod install' or update your CocoaPods installation.\nEOM\n    exit 1\nfi\n";
			showEnvVarsInLog = 0;
		};
		FD5DEF1F85E54FBB83AC5A95 /* Copy Pods Resources */ = {
			isa = PBXShellScriptBuildPhase;
			buildActionMask = 2147483647;
			files = (
			);
			inputPaths = (
			);
			name = "Copy Pods Resources";
			outputPaths = (
			);
			runOnlyForDeploymentPostprocessing = 0;
			shellPath = /bin/sh;
			shellScript = "\"${SRCROOT}/Pods/Pods-resources.sh\"\n";
			showEnvVarsInLog = 0;
		};
/* End PBXShellScriptBuildPhase section */

/* Begin PBXSourcesBuildPhase section */
		15C795BB19C1D0CB0068B8F2 /* Sources */ = {
			isa = PBXSourcesBuildPhase;
			buildActionMask = 2147483647;
			files = (
				1588837A19C2E0F700127E1A /* ResultImageCell.m in Sources */,
				1588837719C2DF8900127E1A /* ImageResultController.m in Sources */,
				15C7961F19C1E0BC0068B8F2 /* ImagesModel.m in Sources */,
				15C7961819C1DD860068B8F2 /* ImageModel.m in Sources */,
				15C795FC19C1D6E80068B8F2 /* ChooserViewController.m in Sources */,
				1547AA5719C31A8800245389 /* InsurenceOptionCell.m in Sources */,
				15C7962319C1E2B90068B8F2 /* ImageDetailViewController.m in Sources */,
				15C795D319C1D0CB0068B8F2 /* AppDelegate.m in Sources */,
				15C795D919C1D0CB0068B8F2 /* HomeViewController.m in Sources */,
				15C795CF19C1D0CB0068B8F2 /* main.m in Sources */,
				15C7961C19C1DFA10068B8F2 /* SimilarImage.m in Sources */,
			);
			runOnlyForDeploymentPostprocessing = 0;
		};
		15C795DF19C1D0CB0068B8F2 /* Sources */ = {
			isa = PBXSourcesBuildPhase;
			buildActionMask = 2147483647;
			files = (
				15C795F119C1D0CB0068B8F2 /* Axa_GlassTests.m in Sources */,
			);
			runOnlyForDeploymentPostprocessing = 0;
		};
/* End PBXSourcesBuildPhase section */

/* Begin PBXTargetDependency section */
		15C795E919C1D0CB0068B8F2 /* PBXTargetDependency */ = {
			isa = PBXTargetDependency;
			target = 15C795BE19C1D0CB0068B8F2 /* Axa Glass */;
			targetProxy = 15C795E819C1D0CB0068B8F2 /* PBXContainerItemProxy */;
		};
/* End PBXTargetDependency section */

/* Begin PBXVariantGroup section */
		15C795CB19C1D0CB0068B8F2 /* InfoPlist.strings */ = {
			isa = PBXVariantGroup;
			children = (
				15C795CC19C1D0CB0068B8F2 /* en */,
			);
			name = InfoPlist.strings;
			sourceTree = "<group>";
		};
		15C795D419C1D0CB0068B8F2 /* Main.storyboard */ = {
			isa = PBXVariantGroup;
			children = (
				15C795D519C1D0CB0068B8F2 /* Base */,
			);
			name = Main.storyboard;
			sourceTree = "<group>";
		};
		15C795ED19C1D0CB0068B8F2 /* InfoPlist.strings */ = {
			isa = PBXVariantGroup;
			children = (
				15C795EE19C1D0CB0068B8F2 /* en */,
			);
			name = InfoPlist.strings;
			sourceTree = "<group>";
		};
/* End PBXVariantGroup section */

/* Begin XCBuildConfiguration section */
		15C795F219C1D0CB0068B8F2 /* Debug */ = {
			isa = XCBuildConfiguration;
			buildSettings = {
				ALWAYS_SEARCH_USER_PATHS = NO;
				CLANG_CXX_LANGUAGE_STANDARD = "gnu++0x";
				CLANG_CXX_LIBRARY = "libc++";
				CLANG_ENABLE_MODULES = YES;
				CLANG_ENABLE_OBJC_ARC = YES;
				CLANG_WARN_BOOL_CONVERSION = YES;
				CLANG_WARN_CONSTANT_CONVERSION = YES;
				CLANG_WARN_DIRECT_OBJC_ISA_USAGE = YES_ERROR;
				CLANG_WARN_EMPTY_BODY = YES;
				CLANG_WARN_ENUM_CONVERSION = YES;
				CLANG_WARN_INT_CONVERSION = YES;
				CLANG_WARN_OBJC_ROOT_CLASS = YES_ERROR;
				CLANG_WARN__DUPLICATE_METHOD_MATCH = YES;
				CODE_SIGN_IDENTITY = "iPhone Developer";
				COPY_PHASE_STRIP = NO;
				GCC_C_LANGUAGE_STANDARD = gnu99;
				GCC_DYNAMIC_NO_PIC = NO;
				GCC_OPTIMIZATION_LEVEL = 0;
				GCC_PREPROCESSOR_DEFINITIONS = (
					"DEBUG=1",
					"$(inherited)",
				);
				GCC_SYMBOLS_PRIVATE_EXTERN = NO;
				GCC_WARN_64_TO_32_BIT_CONVERSION = YES;
				GCC_WARN_ABOUT_RETURN_TYPE = YES_ERROR;
				GCC_WARN_UNDECLARED_SELECTOR = YES;
				GCC_WARN_UNINITIALIZED_AUTOS = YES_AGGRESSIVE;
				GCC_WARN_UNUSED_FUNCTION = YES;
				GCC_WARN_UNUSED_VARIABLE = YES;
				IPHONEOS_DEPLOYMENT_TARGET = 7.1;
				ONLY_ACTIVE_ARCH = YES;
				PROVISIONING_PROFILE = "86B51F12-DE83-47B6-92C8-88B65E233007";
				SDKROOT = iphoneos;
			};
			name = Debug;
		};
		15C795F319C1D0CB0068B8F2 /* Release */ = {
			isa = XCBuildConfiguration;
			buildSettings = {
				ALWAYS_SEARCH_USER_PATHS = NO;
				CLANG_CXX_LANGUAGE_STANDARD = "gnu++0x";
				CLANG_CXX_LIBRARY = "libc++";
				CLANG_ENABLE_MODULES = YES;
				CLANG_ENABLE_OBJC_ARC = YES;
				CLANG_WARN_BOOL_CONVERSION = YES;
				CLANG_WARN_CONSTANT_CONVERSION = YES;
				CLANG_WARN_DIRECT_OBJC_ISA_USAGE = YES_ERROR;
				CLANG_WARN_EMPTY_BODY = YES;
				CLANG_WARN_ENUM_CONVERSION = YES;
				CLANG_WARN_INT_CONVERSION = YES;
				CLANG_WARN_OBJC_ROOT_CLASS = YES_ERROR;
				CLANG_WARN__DUPLICATE_METHOD_MATCH = YES;
				CODE_SIGN_IDENTITY = "iPhone Developer";
				COPY_PHASE_STRIP = YES;
				ENABLE_NS_ASSERTIONS = NO;
				GCC_C_LANGUAGE_STANDARD = gnu99;
				GCC_WARN_64_TO_32_BIT_CONVERSION = YES;
				GCC_WARN_ABOUT_RETURN_TYPE = YES_ERROR;
				GCC_WARN_UNDECLARED_SELECTOR = YES;
				GCC_WARN_UNINITIALIZED_AUTOS = YES_AGGRESSIVE;
				GCC_WARN_UNUSED_FUNCTION = YES;
				GCC_WARN_UNUSED_VARIABLE = YES;
				IPHONEOS_DEPLOYMENT_TARGET = 7.1;
				PROVISIONING_PROFILE = "86B51F12-DE83-47B6-92C8-88B65E233007";
				SDKROOT = iphoneos;
				VALIDATE_PRODUCT = YES;
			};
			name = Release;
		};
		15C795F519C1D0CB0068B8F2 /* Debug */ = {
			isa = XCBuildConfiguration;
			baseConfigurationReference = 90D8EF492E9E4317BBFE257F /* Pods.xcconfig */;
			buildSettings = {
				ASSETCATALOG_COMPILER_APPICON_NAME = AppIcon;
				ASSETCATALOG_COMPILER_LAUNCHIMAGE_NAME = LaunchImage;
				CODE_SIGN_IDENTITY = "";
				GCC_PRECOMPILE_PREFIX_HEADER = YES;
				GCC_PREFIX_HEADER = "Axa Glass/Axa Glass-Prefix.pch";
				INFOPLIST_FILE = "Axa Glass/Axa Glass-Info.plist";
				PRODUCT_NAME = "$(TARGET_NAME)";
				WRAPPER_EXTENSION = app;
			};
			name = Debug;
		};
		15C795F619C1D0CB0068B8F2 /* Release */ = {
			isa = XCBuildConfiguration;
			baseConfigurationReference = 90D8EF492E9E4317BBFE257F /* Pods.xcconfig */;
			buildSettings = {
				ASSETCATALOG_COMPILER_APPICON_NAME = AppIcon;
				ASSETCATALOG_COMPILER_LAUNCHIMAGE_NAME = LaunchImage;
				CODE_SIGN_IDENTITY = "";
				GCC_PRECOMPILE_PREFIX_HEADER = YES;
				GCC_PREFIX_HEADER = "Axa Glass/Axa Glass-Prefix.pch";
				INFOPLIST_FILE = "Axa Glass/Axa Glass-Info.plist";
				PRODUCT_NAME = "$(TARGET_NAME)";
				WRAPPER_EXTENSION = app;
			};
			name = Release;
		};
		15C795F819C1D0CB0068B8F2 /* Debug */ = {
			isa = XCBuildConfiguration;
			buildSettings = {
				BUNDLE_LOADER = "$(BUILT_PRODUCTS_DIR)/Axa Glass.app/Axa Glass";
				FRAMEWORK_SEARCH_PATHS = (
					"$(SDKROOT)/Developer/Library/Frameworks",
					"$(inherited)",
					"$(DEVELOPER_FRAMEWORKS_DIR)",
				);
				GCC_PRECOMPILE_PREFIX_HEADER = YES;
				GCC_PREFIX_HEADER = "Axa Glass/Axa Glass-Prefix.pch";
				GCC_PREPROCESSOR_DEFINITIONS = (
					"DEBUG=1",
					"$(inherited)",
				);
				INFOPLIST_FILE = "Axa GlassTests/Axa GlassTests-Info.plist";
				PRODUCT_NAME = "$(TARGET_NAME)";
				TEST_HOST = "$(BUNDLE_LOADER)";
				WRAPPER_EXTENSION = xctest;
			};
			name = Debug;
		};
		15C795F919C1D0CB0068B8F2 /* Release */ = {
			isa = XCBuildConfiguration;
			buildSettings = {
				BUNDLE_LOADER = "$(BUILT_PRODUCTS_DIR)/Axa Glass.app/Axa Glass";
				FRAMEWORK_SEARCH_PATHS = (
					"$(SDKROOT)/Developer/Library/Frameworks",
					"$(inherited)",
					"$(DEVELOPER_FRAMEWORKS_DIR)",
				);
				GCC_PRECOMPILE_PREFIX_HEADER = YES;
				GCC_PREFIX_HEADER = "Axa Glass/Axa Glass-Prefix.pch";
				INFOPLIST_FILE = "Axa GlassTests/Axa GlassTests-Info.plist";
				PRODUCT_NAME = "$(TARGET_NAME)";
				TEST_HOST = "$(BUNDLE_LOADER)";
				WRAPPER_EXTENSION = xctest;
			};
			name = Release;
		};
/* End XCBuildConfiguration section */

/* Begin XCConfigurationList section */
		15C795BA19C1D0CB0068B8F2 /* Build configuration list for PBXProject "Axa Glass" */ = {
			isa = XCConfigurationList;
			buildConfigurations = (
				15C795F219C1D0CB0068B8F2 /* Debug */,
				15C795F319C1D0CB0068B8F2 /* Release */,
			);
			defaultConfigurationIsVisible = 0;
			defaultConfigurationName = Release;
		};
		15C795F419C1D0CB0068B8F2 /* Build configuration list for PBXNativeTarget "Axa Glass" */ = {
			isa = XCConfigurationList;
			buildConfigurations = (
				15C795F519C1D0CB0068B8F2 /* Debug */,
				15C795F619C1D0CB0068B8F2 /* Release */,
			);
			defaultConfigurationIsVisible = 0;
			defaultConfigurationName = Release;
		};
		15C795F719C1D0CB0068B8F2 /* Build configuration list for PBXNativeTarget "Axa GlassTests" */ = {
			isa = XCConfigurationList;
			buildConfigurations = (
				15C795F819C1D0CB0068B8F2 /* Debug */,
				15C795F919C1D0CB0068B8F2 /* Release */,
			);
			defaultConfigurationIsVisible = 0;
			defaultConfigurationName = Release;
		};
/* End XCConfigurationList section */
	};
	rootObject = 15C795B719C1D0CB0068B8F2 /* Project object */;
}
